// !$*UTF8*$!
{
	archiveVersion = 1;
	classes = {
	};
	objectVersion = 46;
	objects = {

/* Begin PBXBuildFile section */
		3702E6D31EC3770000A8D0AB /* TIPSearchUser.swift in Sources */ = {isa = PBXBuildFile; fileRef = 3702E6D21EC3770000A8D0AB /* TIPSearchUser.swift */; };
		3704A4CB1F017C3800D141C1 /* TIPParser.swift in Sources */ = {isa = PBXBuildFile; fileRef = 3704A4CA1F017C3800D141C1 /* TIPParser.swift */; };
		37079B901F018F790022E014 /* UIViewContr+Style.swift in Sources */ = {isa = PBXBuildFile; fileRef = 37079B8F1F018F790022E014 /* UIViewContr+Style.swift */; };
		37079B921F018FDB0022E014 /* TIPStyle.swift in Sources */ = {isa = PBXBuildFile; fileRef = 37079B911F018FDB0022E014 /* TIPStyle.swift */; };
		37079B961F01900B0022E014 /* CALayer+TextField.swift in Sources */ = {isa = PBXBuildFile; fileRef = 37079B931F01900A0022E014 /* CALayer+TextField.swift */; };
		37079B971F01900B0022E014 /* UIColor+PremiumSnap.swift in Sources */ = {isa = PBXBuildFile; fileRef = 37079B941F01900B0022E014 /* UIColor+PremiumSnap.swift */; };
		37079B981F01900B0022E014 /* UIImage+URL.swift in Sources */ = {isa = PBXBuildFile; fileRef = 37079B951F01900B0022E014 /* UIImage+URL.swift */; };
		37079B9A1F0191100022E014 /* UIViewController+Alert.swift in Sources */ = {isa = PBXBuildFile; fileRef = 37079B991F0191100022E014 /* UIViewController+Alert.swift */; };
		37079BA11F0191290022E014 /* diamond1.json in Resources */ = {isa = PBXBuildFile; fileRef = 37079B9B1F0191290022E014 /* diamond1.json */; };
		37079BA21F0191290022E014 /* heart.json in Resources */ = {isa = PBXBuildFile; fileRef = 37079B9C1F0191290022E014 /* heart.json */; };
		37079BA31F0191290022E014 /* kiss1.json in Resources */ = {isa = PBXBuildFile; fileRef = 37079B9D1F0191290022E014 /* kiss1.json */; };
		37079BA41F0191290022E014 /* smile1.json in Resources */ = {isa = PBXBuildFile; fileRef = 37079B9E1F0191290022E014 /* smile1.json */; };
		37079BA51F0191290022E014 /* star1.json in Resources */ = {isa = PBXBuildFile; fileRef = 37079B9F1F0191290022E014 /* star1.json */; };
		37079BA61F0191290022E014 /* sun.json in Resources */ = {isa = PBXBuildFile; fileRef = 37079BA01F0191290022E014 /* sun.json */; };
		37079BAC1F0191340022E014 /* TIPCoinTableViewCell.swift in Sources */ = {isa = PBXBuildFile; fileRef = 37079BA71F0191340022E014 /* TIPCoinTableViewCell.swift */; };
		37079BAD1F0191340022E014 /* TIPEditProfileTableViewCell.swift in Sources */ = {isa = PBXBuildFile; fileRef = 37079BA81F0191340022E014 /* TIPEditProfileTableViewCell.swift */; };
		37079BAE1F0191340022E014 /* TIPFeedCollectionViewCell.swift in Sources */ = {isa = PBXBuildFile; fileRef = 37079BA91F0191340022E014 /* TIPFeedCollectionViewCell.swift */; };
		37079BAF1F0191340022E014 /* TIPSearchCollectionViewCell.swift in Sources */ = {isa = PBXBuildFile; fileRef = 37079BAA1F0191340022E014 /* TIPSearchCollectionViewCell.swift */; };
		37079BB01F0191340022E014 /* TIPShapeCollectionViewCell.swift in Sources */ = {isa = PBXBuildFile; fileRef = 37079BAB1F0191340022E014 /* TIPShapeCollectionViewCell.swift */; };
		37079BB31F0191410022E014 /* TIPButton.swift in Sources */ = {isa = PBXBuildFile; fileRef = 37079BB11F0191410022E014 /* TIPButton.swift */; };
		37079BB41F0191410022E014 /* TIPTextField.swift in Sources */ = {isa = PBXBuildFile; fileRef = 37079BB21F0191410022E014 /* TIPTextField.swift */; };
		37079BC91F01914F0022E014 /* TIPBuyCoinsViewController.swift in Sources */ = {isa = PBXBuildFile; fileRef = 37079BB51F01914F0022E014 /* TIPBuyCoinsViewController.swift */; };
		37079BCA1F01914F0022E014 /* TIPCamViewController.swift in Sources */ = {isa = PBXBuildFile; fileRef = 37079BB61F01914F0022E014 /* TIPCamViewController.swift */; };
		37079BCB1F01914F0022E014 /* TIPEditProfileViewController.swift in Sources */ = {isa = PBXBuildFile; fileRef = 37079BB71F01914F0022E014 /* TIPEditProfileViewController.swift */; };
		37079BCC1F01914F0022E014 /* TIPFeedViewController.swift in Sources */ = {isa = PBXBuildFile; fileRef = 37079BB81F01914F0022E014 /* TIPFeedViewController.swift */; };
		37079BCD1F01914F0022E014 /* TIPFollowersViewController.swift in Sources */ = {isa = PBXBuildFile; fileRef = 37079BB91F01914F0022E014 /* TIPFollowersViewController.swift */; };
		37079BCE1F01914F0022E014 /* TIPFollowingViewController.swift in Sources */ = {isa = PBXBuildFile; fileRef = 37079BBA1F01914F0022E014 /* TIPFollowingViewController.swift */; };
		37079BCF1F01914F0022E014 /* TIPForgotPasswordViewController.swift in Sources */ = {isa = PBXBuildFile; fileRef = 37079BBB1F01914F0022E014 /* TIPForgotPasswordViewController.swift */; };
		37079BD01F01914F0022E014 /* TIPLoginViewController.swift in Sources */ = {isa = PBXBuildFile; fileRef = 37079BBC1F01914F0022E014 /* TIPLoginViewController.swift */; };
		37079BD11F01914F0022E014 /* TIPMessagesViewController.swift in Sources */ = {isa = PBXBuildFile; fileRef = 37079BBD1F01914F0022E014 /* TIPMessagesViewController.swift */; };
		37079BD21F01914F0022E014 /* TIPPagingTabViewController.swift in Sources */ = {isa = PBXBuildFile; fileRef = 37079BBE1F01914F0022E014 /* TIPPagingTabViewController.swift */; };
		37079BD31F01914F0022E014 /* TIPPlaceholderViewController.swift in Sources */ = {isa = PBXBuildFile; fileRef = 37079BBF1F01914F0022E014 /* TIPPlaceholderViewController.swift */; };
		37079BD41F01914F0022E014 /* TIPPostViewController.swift in Sources */ = {isa = PBXBuildFile; fileRef = 37079BC01F01914F0022E014 /* TIPPostViewController.swift */; };
		37079BD51F01914F0022E014 /* TIPPreviewViewController.swift in Sources */ = {isa = PBXBuildFile; fileRef = 37079BC11F01914F0022E014 /* TIPPreviewViewController.swift */; };
		37079BD61F01914F0022E014 /* TIPProfileViewController.swift in Sources */ = {isa = PBXBuildFile; fileRef = 37079BC21F01914F0022E014 /* TIPProfileViewController.swift */; };
		37079BD71F01914F0022E014 /* TIPRegisterViewController.swift in Sources */ = {isa = PBXBuildFile; fileRef = 37079BC31F01914F0022E014 /* TIPRegisterViewController.swift */; };
		37079BD81F01914F0022E014 /* TIPSearchViewController.swift in Sources */ = {isa = PBXBuildFile; fileRef = 37079BC41F01914F0022E014 /* TIPSearchViewController.swift */; };
		37079BD91F01914F0022E014 /* TIPSettingsViewController.swift in Sources */ = {isa = PBXBuildFile; fileRef = 37079BC51F01914F0022E014 /* TIPSettingsViewController.swift */; };
		37079BDA1F01914F0022E014 /* TIPStoryViewController.swift in Sources */ = {isa = PBXBuildFile; fileRef = 37079BC61F01914F0022E014 /* TIPStoryViewController.swift */; };
		37079BDB1F01914F0022E014 /* TIPTabBarController.swift in Sources */ = {isa = PBXBuildFile; fileRef = 37079BC71F01914F0022E014 /* TIPTabBarController.swift */; };
		37079BDC1F01914F0022E014 /* TIPUserTableViewController.swift in Sources */ = {isa = PBXBuildFile; fileRef = 37079BC81F01914F0022E014 /* TIPUserTableViewController.swift */; };
		37079BDF1F01915D0022E014 /* TIPEditProfileHeaderView.swift in Sources */ = {isa = PBXBuildFile; fileRef = 37079BDD1F01915D0022E014 /* TIPEditProfileHeaderView.swift */; };
		37079BE01F01915D0022E014 /* TIPTipView.swift in Sources */ = {isa = PBXBuildFile; fileRef = 37079BDE1F01915D0022E014 /* TIPTipView.swift */; };
		37079BE21F0191830022E014 /* TIPAPIClient.swift in Sources */ = {isa = PBXBuildFile; fileRef = 37079BE11F0191830022E014 /* TIPAPIClient.swift */; };
		37079BE41F01918E0022E014 /* TIPStory.swift in Sources */ = {isa = PBXBuildFile; fileRef = 37079BE31F01918E0022E014 /* TIPStory.swift */; };
		37079BEC1F0191A40022E014 /* PhotoViewController.swift in Sources */ = {isa = PBXBuildFile; fileRef = 37079BE51F0191A40022E014 /* PhotoViewController.swift */; };
		37079BED1F0191A40022E014 /* PreviewView.swift in Sources */ = {isa = PBXBuildFile; fileRef = 37079BE61F0191A40022E014 /* PreviewView.swift */; };
		37079BEE1F0191A40022E014 /* SwiftyCamButton.swift in Sources */ = {isa = PBXBuildFile; fileRef = 37079BE71F0191A40022E014 /* SwiftyCamButton.swift */; };
		37079BEF1F0191A40022E014 /* SwiftyCamViewController.swift in Sources */ = {isa = PBXBuildFile; fileRef = 37079BE81F0191A40022E014 /* SwiftyCamViewController.swift */; };
		37079BF01F0191A40022E014 /* SwiftyCamViewControllerDelegate.swift in Sources */ = {isa = PBXBuildFile; fileRef = 37079BE91F0191A40022E014 /* SwiftyCamViewControllerDelegate.swift */; };
		37079BF11F0191A40022E014 /* SwiftyRecordButton.swift in Sources */ = {isa = PBXBuildFile; fileRef = 37079BEA1F0191A40022E014 /* SwiftyRecordButton.swift */; };
		37079BF21F0191A40022E014 /* VideoViewController.swift in Sources */ = {isa = PBXBuildFile; fileRef = 37079BEB1F0191A40022E014 /* VideoViewController.swift */; };
		370E36661E43B22900F8FF9E /* TIPPost.swift in Sources */ = {isa = PBXBuildFile; fileRef = 370E36651E43B22900F8FF9E /* TIPPost.swift */; };
		370E36681E43B24500F8FF9E /* TIPUser.swift in Sources */ = {isa = PBXBuildFile; fileRef = 370E36671E43B24400F8FF9E /* TIPUser.swift */; };
		3729B7971F08262700CEBAED /* TIPNoInternetView.swift in Sources */ = {isa = PBXBuildFile; fileRef = 3729B7961F08262700CEBAED /* TIPNoInternetView.swift */; };
		37417E041E8EB6A200E1AF62 /* TIPValidator.swift in Sources */ = {isa = PBXBuildFile; fileRef = 37417E031E8EB6A200E1AF62 /* TIPValidator.swift */; };
		374E5B361EE77FC800A0CD75 /* TIPShape.swift in Sources */ = {isa = PBXBuildFile; fileRef = 374E5B351EE77FC800A0CD75 /* TIPShape.swift */; };
		3762A53A1E96C1F4007FDD51 /* TIPMediaItem.swift in Sources */ = {isa = PBXBuildFile; fileRef = 3762A5391E96C1F4007FDD51 /* TIPMediaItem.swift */; };
		37BA701C1E36E6070093EAE5 /* AppDelegate.swift in Sources */ = {isa = PBXBuildFile; fileRef = 37BA701B1E36E6070093EAE5 /* AppDelegate.swift */; };
		37BA70231E36E6070093EAE5 /* Assets.xcassets in Resources */ = {isa = PBXBuildFile; fileRef = 37BA70221E36E6070093EAE5 /* Assets.xcassets */; };
		37BA70261E36E6070093EAE5 /* LaunchScreen.storyboard in Resources */ = {isa = PBXBuildFile; fileRef = 37BA70241E36E6070093EAE5 /* LaunchScreen.storyboard */; };
		37C49C371EC68BB500187EBE /* TIPFeedItem.swift in Sources */ = {isa = PBXBuildFile; fileRef = 37C49C361EC68BB500187EBE /* TIPFeedItem.swift */; };
		37D1D7A91F23E879002246FB /* Date+Tipit.swift in Sources */ = {isa = PBXBuildFile; fileRef = 37D1D7A81F23E879002246FB /* Date+Tipit.swift */; };
		37DD13A41F05958200237CF8 /* TIPStoryCollectionViewCell.swift in Sources */ = {isa = PBXBuildFile; fileRef = 37DD13A31F05958200237CF8 /* TIPStoryCollectionViewCell.swift */; };
		37DD13A61F0598D400237CF8 /* TIPPersonalProfileViewController.swift in Sources */ = {isa = PBXBuildFile; fileRef = 37DD13A51F0598D400237CF8 /* TIPPersonalProfileViewController.swift */; };
		37DD13A81F08110700237CF8 /* TIPFeedEmptyView.swift in Sources */ = {isa = PBXBuildFile; fileRef = 37DD13A71F08110700237CF8 /* TIPFeedEmptyView.swift */; };
		37DD13AA1F08111900237CF8 /* TIPNoConnectionView.swift in Sources */ = {isa = PBXBuildFile; fileRef = 37DD13A91F08111900237CF8 /* TIPNoConnectionView.swift */; };
		37DD13AC1F08113300237CF8 /* TIPEmptyStateView.swift in Sources */ = {isa = PBXBuildFile; fileRef = 37DD13AB1F08113300237CF8 /* TIPEmptyStateView.swift */; };
		840C62611F55DAAA00B5A083 /* TIPFilterCollectionViewCell.swift in Sources */ = {isa = PBXBuildFile; fileRef = 840C62601F55DAAA00B5A083 /* TIPFilterCollectionViewCell.swift */; };
		8432BA641F5769FC003F694F /* TIPProfileStoryCollectionViewCell.swift in Sources */ = {isa = PBXBuildFile; fileRef = 8432BA631F5769FC003F694F /* TIPProfileStoryCollectionViewCell.swift */; };
		DA72DF1118F5082A15C3EEA9 /* Pods_Ironc_ly.framework in Frameworks */ = {isa = PBXBuildFile; fileRef = E54470B742B7828ED5B2D012 /* Pods_Ironc_ly.framework */; };
		FA0490151F27BD170093E3EE /* diamond.json in Resources */ = {isa = PBXBuildFile; fileRef = FA0490141F27BD170093E3EE /* diamond.json */; };
		FA4488791F4B9A2E00CE0F64 /* handwriting.ttf in Resources */ = {isa = PBXBuildFile; fileRef = FA4488781F4B9A2E00CE0F64 /* handwriting.ttf */; };
		FA51A1761F45F4E000B43033 /* TIPLoadingView.swift in Sources */ = {isa = PBXBuildFile; fileRef = FA51A1751F45F4E000B43033 /* TIPLoadingView.swift */; };
		FA56F9291F2A3BED00B0F292 /* TIPChatViewController.swift in Sources */ = {isa = PBXBuildFile; fileRef = FA56F9281F2A3BED00B0F292 /* TIPChatViewController.swift */; };
		FA56F92B1F2A6E6A00B0F292 /* TIPChatCollectionViewCell.swift in Sources */ = {isa = PBXBuildFile; fileRef = FA56F92A1F2A6E6A00B0F292 /* TIPChatCollectionViewCell.swift */; };
		FAA587BE1F5CA81D0053216C /* InfiniteCollectionView.swift in Sources */ = {isa = PBXBuildFile; fileRef = FAA587BD1F5CA81D0053216C /* InfiniteCollectionView.swift */; };
		FAAAF8AC1F573D42000DB63B /* font2.ttf in Resources */ = {isa = PBXBuildFile; fileRef = FAAAF8AB1F573D42000DB63B /* font2.ttf */; };
		FAB9F24E1F3E147B00D025F0 /* TIPSearchEmptyView.swift in Sources */ = {isa = PBXBuildFile; fileRef = FAB9F24D1F3E147B00D025F0 /* TIPSearchEmptyView.swift */; };
		FAB9F2501F3E5DCB00D025F0 /* kiss.json in Resources */ = {isa = PBXBuildFile; fileRef = FAB9F24F1F3E5DCB00D025F0 /* kiss.json */; };
		FAB9F2521F3E5DD600D025F0 /* smile.json in Resources */ = {isa = PBXBuildFile; fileRef = FAB9F2511F3E5DD600D025F0 /* smile.json */; };
		FAB9F2541F3E5DDC00D025F0 /* star.json in Resources */ = {isa = PBXBuildFile; fileRef = FAB9F2531F3E5DDC00D025F0 /* star.json */; };
		FABBD3611F2948920061567F /* TIPMessageListTableViewCell.swift in Sources */ = {isa = PBXBuildFile; fileRef = FABBD3601F2948920061567F /* TIPMessageListTableViewCell.swift */; };
		FAC8B71F1F59B27000CF009C /* TIPMainPageViewController.swift in Sources */ = {isa = PBXBuildFile; fileRef = FAC8B71E1F59B27000CF009C /* TIPMainPageViewController.swift */; };
		FAEA2DC71F23F097004B116C /* StoreKit.framework in Frameworks */ = {isa = PBXBuildFile; fileRef = FAEA2DC61F23F097004B116C /* StoreKit.framework */; };
		FAFEB18D1F5DB9CC00FFC17E /* freehand.ttf in Resources */ = {isa = PBXBuildFile; fileRef = FAFEB18C1F5DB9CC00FFC17E /* freehand.ttf */; };
		FAFEB18F1F5DCCFC00FFC17E /* TIPPullDownMenu.swift in Sources */ = {isa = PBXBuildFile; fileRef = FAFEB18E1F5DCCFC00FFC17E /* TIPPullDownMenu.swift */; };
		FAFEB1911F5DECC200FFC17E /* TIPPullDownCollectionViewCell.swift in Sources */ = {isa = PBXBuildFile; fileRef = FAFEB1901F5DECC200FFC17E /* TIPPullDownCollectionViewCell.swift */; };
		FAFEB1931F5DFDD100FFC17E /* TIPViewControllerWIthPullDown.swift in Sources */ = {isa = PBXBuildFile; fileRef = FAFEB1921F5DFDD100FFC17E /* TIPViewControllerWIthPullDown.swift */; };
/* End PBXBuildFile section */

/* Begin PBXFileReference section */
		2D9390AE0C7C973632987C98 /* Pods-Ironc.ly.release.xcconfig */ = {isa = PBXFileReference; includeInIndex = 1; lastKnownFileType = text.xcconfig; name = "Pods-Ironc.ly.release.xcconfig"; path = "Pods/Target Support Files/Pods-Ironc.ly/Pods-Ironc.ly.release.xcconfig"; sourceTree = "<group>"; };
		3702E6D21EC3770000A8D0AB /* TIPSearchUser.swift */ = {isa = PBXFileReference; fileEncoding = 4; lastKnownFileType = sourcecode.swift; name = TIPSearchUser.swift; path = Models/TIPSearchUser.swift; sourceTree = "<group>"; };
		3704A4CA1F017C3800D141C1 /* TIPParser.swift */ = {isa = PBXFileReference; fileEncoding = 4; lastKnownFileType = sourcecode.swift; name = TIPParser.swift; path = Networking/TIPParser.swift; sourceTree = "<group>"; };
		37079B8F1F018F790022E014 /* UIViewContr+Style.swift */ = {isa = PBXFileReference; fileEncoding = 4; lastKnownFileType = sourcecode.swift; name = "UIViewContr+Style.swift"; path = "Extensions/UIViewContr+Style.swift"; sourceTree = "<group>"; };
		37079B911F018FDB0022E014 /* TIPStyle.swift */ = {isa = PBXFileReference; fileEncoding = 4; lastKnownFileType = sourcecode.swift; name = TIPStyle.swift; path = Config/TIPStyle.swift; sourceTree = "<group>"; };
		37079B931F01900A0022E014 /* CALayer+TextField.swift */ = {isa = PBXFileReference; fileEncoding = 4; lastKnownFileType = sourcecode.swift; name = "CALayer+TextField.swift"; path = "Extensions/CALayer+TextField.swift"; sourceTree = "<group>"; };
		37079B941F01900B0022E014 /* UIColor+PremiumSnap.swift */ = {isa = PBXFileReference; fileEncoding = 4; lastKnownFileType = sourcecode.swift; name = "UIColor+PremiumSnap.swift"; path = "Extensions/UIColor+PremiumSnap.swift"; sourceTree = "<group>"; };
		37079B951F01900B0022E014 /* UIImage+URL.swift */ = {isa = PBXFileReference; fileEncoding = 4; lastKnownFileType = sourcecode.swift; name = "UIImage+URL.swift"; path = "Extensions/UIImage+URL.swift"; sourceTree = "<group>"; };
		37079B991F0191100022E014 /* UIViewController+Alert.swift */ = {isa = PBXFileReference; fileEncoding = 4; lastKnownFileType = sourcecode.swift; name = "UIViewController+Alert.swift"; path = "Extensions/UIViewController+Alert.swift"; sourceTree = "<group>"; };
		37079B9B1F0191290022E014 /* diamond1.json */ = {isa = PBXFileReference; fileEncoding = 4; lastKnownFileType = text.json; name = diamond1.json; path = UI/Animations/diamond1.json; sourceTree = "<group>"; };
		37079B9C1F0191290022E014 /* heart.json */ = {isa = PBXFileReference; fileEncoding = 4; lastKnownFileType = text.json; name = heart.json; path = UI/Animations/heart.json; sourceTree = "<group>"; };
		37079B9D1F0191290022E014 /* kiss1.json */ = {isa = PBXFileReference; fileEncoding = 4; lastKnownFileType = text.json; name = kiss1.json; path = UI/Animations/kiss1.json; sourceTree = "<group>"; };
		37079B9E1F0191290022E014 /* smile1.json */ = {isa = PBXFileReference; fileEncoding = 4; lastKnownFileType = text.json; name = smile1.json; path = UI/Animations/smile1.json; sourceTree = "<group>"; };
		37079B9F1F0191290022E014 /* star1.json */ = {isa = PBXFileReference; fileEncoding = 4; lastKnownFileType = text.json; name = star1.json; path = UI/Animations/star1.json; sourceTree = "<group>"; };
		37079BA01F0191290022E014 /* sun.json */ = {isa = PBXFileReference; fileEncoding = 4; lastKnownFileType = text.json; name = sun.json; path = UI/Animations/sun.json; sourceTree = "<group>"; };
		37079BA71F0191340022E014 /* TIPCoinTableViewCell.swift */ = {isa = PBXFileReference; fileEncoding = 4; lastKnownFileType = sourcecode.swift; name = TIPCoinTableViewCell.swift; path = UI/Cells/TIPCoinTableViewCell.swift; sourceTree = "<group>"; };
		37079BA81F0191340022E014 /* TIPEditProfileTableViewCell.swift */ = {isa = PBXFileReference; fileEncoding = 4; lastKnownFileType = sourcecode.swift; name = TIPEditProfileTableViewCell.swift; path = UI/Cells/TIPEditProfileTableViewCell.swift; sourceTree = "<group>"; };
		37079BA91F0191340022E014 /* TIPFeedCollectionViewCell.swift */ = {isa = PBXFileReference; fileEncoding = 4; lastKnownFileType = sourcecode.swift; name = TIPFeedCollectionViewCell.swift; path = UI/Cells/TIPFeedCollectionViewCell.swift; sourceTree = "<group>"; };
		37079BAA1F0191340022E014 /* TIPSearchCollectionViewCell.swift */ = {isa = PBXFileReference; fileEncoding = 4; lastKnownFileType = sourcecode.swift; name = TIPSearchCollectionViewCell.swift; path = UI/Cells/TIPSearchCollectionViewCell.swift; sourceTree = "<group>"; };
		37079BAB1F0191340022E014 /* TIPShapeCollectionViewCell.swift */ = {isa = PBXFileReference; fileEncoding = 4; lastKnownFileType = sourcecode.swift; name = TIPShapeCollectionViewCell.swift; path = UI/Cells/TIPShapeCollectionViewCell.swift; sourceTree = "<group>"; };
		37079BB11F0191410022E014 /* TIPButton.swift */ = {isa = PBXFileReference; fileEncoding = 4; lastKnownFileType = sourcecode.swift; name = TIPButton.swift; path = UI/Controls/TIPButton.swift; sourceTree = "<group>"; };
		37079BB21F0191410022E014 /* TIPTextField.swift */ = {isa = PBXFileReference; fileEncoding = 4; lastKnownFileType = sourcecode.swift; name = TIPTextField.swift; path = UI/Controls/TIPTextField.swift; sourceTree = "<group>"; };
		37079BB51F01914F0022E014 /* TIPBuyCoinsViewController.swift */ = {isa = PBXFileReference; fileEncoding = 4; lastKnownFileType = sourcecode.swift; name = TIPBuyCoinsViewController.swift; path = "UI/View Controllers/TIPBuyCoinsViewController.swift"; sourceTree = "<group>"; };
		37079BB61F01914F0022E014 /* TIPCamViewController.swift */ = {isa = PBXFileReference; fileEncoding = 4; lastKnownFileType = sourcecode.swift; name = TIPCamViewController.swift; path = "UI/View Controllers/TIPCamViewController.swift"; sourceTree = "<group>"; };
		37079BB71F01914F0022E014 /* TIPEditProfileViewController.swift */ = {isa = PBXFileReference; fileEncoding = 4; lastKnownFileType = sourcecode.swift; name = TIPEditProfileViewController.swift; path = "UI/View Controllers/TIPEditProfileViewController.swift"; sourceTree = "<group>"; };
		37079BB81F01914F0022E014 /* TIPFeedViewController.swift */ = {isa = PBXFileReference; fileEncoding = 4; lastKnownFileType = sourcecode.swift; name = TIPFeedViewController.swift; path = "UI/View Controllers/TIPFeedViewController.swift"; sourceTree = "<group>"; };
		37079BB91F01914F0022E014 /* TIPFollowersViewController.swift */ = {isa = PBXFileReference; fileEncoding = 4; lastKnownFileType = sourcecode.swift; name = TIPFollowersViewController.swift; path = "UI/View Controllers/TIPFollowersViewController.swift"; sourceTree = "<group>"; };
		37079BBA1F01914F0022E014 /* TIPFollowingViewController.swift */ = {isa = PBXFileReference; fileEncoding = 4; lastKnownFileType = sourcecode.swift; name = TIPFollowingViewController.swift; path = "UI/View Controllers/TIPFollowingViewController.swift"; sourceTree = "<group>"; };
		37079BBB1F01914F0022E014 /* TIPForgotPasswordViewController.swift */ = {isa = PBXFileReference; fileEncoding = 4; lastKnownFileType = sourcecode.swift; name = TIPForgotPasswordViewController.swift; path = "UI/View Controllers/TIPForgotPasswordViewController.swift"; sourceTree = "<group>"; };
		37079BBC1F01914F0022E014 /* TIPLoginViewController.swift */ = {isa = PBXFileReference; fileEncoding = 4; lastKnownFileType = sourcecode.swift; name = TIPLoginViewController.swift; path = "UI/View Controllers/TIPLoginViewController.swift"; sourceTree = "<group>"; };
		37079BBD1F01914F0022E014 /* TIPMessagesViewController.swift */ = {isa = PBXFileReference; fileEncoding = 4; lastKnownFileType = sourcecode.swift; name = TIPMessagesViewController.swift; path = "UI/View Controllers/TIPMessagesViewController.swift"; sourceTree = "<group>"; };
		37079BBE1F01914F0022E014 /* TIPPagingTabViewController.swift */ = {isa = PBXFileReference; fileEncoding = 4; lastKnownFileType = sourcecode.swift; name = TIPPagingTabViewController.swift; path = "UI/View Controllers/TIPPagingTabViewController.swift"; sourceTree = "<group>"; };
		37079BBF1F01914F0022E014 /* TIPPlaceholderViewController.swift */ = {isa = PBXFileReference; fileEncoding = 4; lastKnownFileType = sourcecode.swift; name = TIPPlaceholderViewController.swift; path = "UI/View Controllers/TIPPlaceholderViewController.swift"; sourceTree = "<group>"; };
		37079BC01F01914F0022E014 /* TIPPostViewController.swift */ = {isa = PBXFileReference; fileEncoding = 4; lastKnownFileType = sourcecode.swift; name = TIPPostViewController.swift; path = "UI/View Controllers/TIPPostViewController.swift"; sourceTree = "<group>"; };
		37079BC11F01914F0022E014 /* TIPPreviewViewController.swift */ = {isa = PBXFileReference; fileEncoding = 4; lastKnownFileType = sourcecode.swift; name = TIPPreviewViewController.swift; path = "UI/View Controllers/TIPPreviewViewController.swift"; sourceTree = "<group>"; };
		37079BC21F01914F0022E014 /* TIPProfileViewController.swift */ = {isa = PBXFileReference; fileEncoding = 4; lastKnownFileType = sourcecode.swift; name = TIPProfileViewController.swift; path = "UI/View Controllers/TIPProfileViewController.swift"; sourceTree = "<group>"; };
		37079BC31F01914F0022E014 /* TIPRegisterViewController.swift */ = {isa = PBXFileReference; fileEncoding = 4; lastKnownFileType = sourcecode.swift; name = TIPRegisterViewController.swift; path = "UI/View Controllers/TIPRegisterViewController.swift"; sourceTree = "<group>"; };
		37079BC41F01914F0022E014 /* TIPSearchViewController.swift */ = {isa = PBXFileReference; fileEncoding = 4; lastKnownFileType = sourcecode.swift; name = TIPSearchViewController.swift; path = "UI/View Controllers/TIPSearchViewController.swift"; sourceTree = "<group>"; };
		37079BC51F01914F0022E014 /* TIPSettingsViewController.swift */ = {isa = PBXFileReference; fileEncoding = 4; lastKnownFileType = sourcecode.swift; name = TIPSettingsViewController.swift; path = "UI/View Controllers/TIPSettingsViewController.swift"; sourceTree = "<group>"; };
		37079BC61F01914F0022E014 /* TIPStoryViewController.swift */ = {isa = PBXFileReference; fileEncoding = 4; lastKnownFileType = sourcecode.swift; name = TIPStoryViewController.swift; path = "UI/View Controllers/TIPStoryViewController.swift"; sourceTree = "<group>"; };
		37079BC71F01914F0022E014 /* TIPTabBarController.swift */ = {isa = PBXFileReference; fileEncoding = 4; lastKnownFileType = sourcecode.swift; name = TIPTabBarController.swift; path = "UI/View Controllers/TIPTabBarController.swift"; sourceTree = "<group>"; };
		37079BC81F01914F0022E014 /* TIPUserTableViewController.swift */ = {isa = PBXFileReference; fileEncoding = 4; lastKnownFileType = sourcecode.swift; name = TIPUserTableViewController.swift; path = "UI/View Controllers/TIPUserTableViewController.swift"; sourceTree = "<group>"; };
		37079BDD1F01915D0022E014 /* TIPEditProfileHeaderView.swift */ = {isa = PBXFileReference; fileEncoding = 4; lastKnownFileType = sourcecode.swift; name = TIPEditProfileHeaderView.swift; path = UI/Views/TIPEditProfileHeaderView.swift; sourceTree = "<group>"; };
		37079BDE1F01915D0022E014 /* TIPTipView.swift */ = {isa = PBXFileReference; fileEncoding = 4; lastKnownFileType = sourcecode.swift; name = TIPTipView.swift; path = UI/Views/TIPTipView.swift; sourceTree = "<group>"; };
		37079BE11F0191830022E014 /* TIPAPIClient.swift */ = {isa = PBXFileReference; fileEncoding = 4; lastKnownFileType = sourcecode.swift; name = TIPAPIClient.swift; path = Networking/TIPAPIClient.swift; sourceTree = "<group>"; };
		37079BE31F01918E0022E014 /* TIPStory.swift */ = {isa = PBXFileReference; fileEncoding = 4; lastKnownFileType = sourcecode.swift; name = TIPStory.swift; path = Models/TIPStory.swift; sourceTree = "<group>"; };
		37079BE51F0191A40022E014 /* PhotoViewController.swift */ = {isa = PBXFileReference; fileEncoding = 4; lastKnownFileType = sourcecode.swift; name = PhotoViewController.swift; path = SwiftyCam/PhotoViewController.swift; sourceTree = "<group>"; };
		37079BE61F0191A40022E014 /* PreviewView.swift */ = {isa = PBXFileReference; fileEncoding = 4; lastKnownFileType = sourcecode.swift; name = PreviewView.swift; path = SwiftyCam/PreviewView.swift; sourceTree = "<group>"; };
		37079BE71F0191A40022E014 /* SwiftyCamButton.swift */ = {isa = PBXFileReference; fileEncoding = 4; lastKnownFileType = sourcecode.swift; name = SwiftyCamButton.swift; path = SwiftyCam/SwiftyCamButton.swift; sourceTree = "<group>"; };
		37079BE81F0191A40022E014 /* SwiftyCamViewController.swift */ = {isa = PBXFileReference; fileEncoding = 4; lastKnownFileType = sourcecode.swift; name = SwiftyCamViewController.swift; path = SwiftyCam/SwiftyCamViewController.swift; sourceTree = "<group>"; };
		37079BE91F0191A40022E014 /* SwiftyCamViewControllerDelegate.swift */ = {isa = PBXFileReference; fileEncoding = 4; lastKnownFileType = sourcecode.swift; name = SwiftyCamViewControllerDelegate.swift; path = SwiftyCam/SwiftyCamViewControllerDelegate.swift; sourceTree = "<group>"; };
		37079BEA1F0191A40022E014 /* SwiftyRecordButton.swift */ = {isa = PBXFileReference; fileEncoding = 4; lastKnownFileType = sourcecode.swift; name = SwiftyRecordButton.swift; path = SwiftyCam/SwiftyRecordButton.swift; sourceTree = "<group>"; };
		37079BEB1F0191A40022E014 /* VideoViewController.swift */ = {isa = PBXFileReference; fileEncoding = 4; lastKnownFileType = sourcecode.swift; name = VideoViewController.swift; path = SwiftyCam/VideoViewController.swift; sourceTree = "<group>"; };
		370E36651E43B22900F8FF9E /* TIPPost.swift */ = {isa = PBXFileReference; fileEncoding = 4; lastKnownFileType = sourcecode.swift; name = TIPPost.swift; path = Models/TIPPost.swift; sourceTree = "<group>"; };
		370E36671E43B24400F8FF9E /* TIPUser.swift */ = {isa = PBXFileReference; fileEncoding = 4; lastKnownFileType = sourcecode.swift; name = TIPUser.swift; path = Models/TIPUser.swift; sourceTree = "<group>"; };
		3729B7961F08262700CEBAED /* TIPNoInternetView.swift */ = {isa = PBXFileReference; fileEncoding = 4; lastKnownFileType = sourcecode.swift; name = TIPNoInternetView.swift; path = UI/Views/TIPNoInternetView.swift; sourceTree = "<group>"; };
		37417E031E8EB6A200E1AF62 /* TIPValidator.swift */ = {isa = PBXFileReference; fileEncoding = 4; lastKnownFileType = sourcecode.swift; name = TIPValidator.swift; path = Models/TIPValidator.swift; sourceTree = "<group>"; };
		374E5B351EE77FC800A0CD75 /* TIPShape.swift */ = {isa = PBXFileReference; fileEncoding = 4; lastKnownFileType = sourcecode.swift; name = TIPShape.swift; path = Models/TIPShape.swift; sourceTree = "<group>"; };
		3762A5391E96C1F4007FDD51 /* TIPMediaItem.swift */ = {isa = PBXFileReference; fileEncoding = 4; lastKnownFileType = sourcecode.swift; name = TIPMediaItem.swift; path = Models/TIPMediaItem.swift; sourceTree = "<group>"; };
		37BA70181E36E6070093EAE5 /* Ironc.ly.app */ = {isa = PBXFileReference; explicitFileType = wrapper.application; includeInIndex = 0; path = Ironc.ly.app; sourceTree = BUILT_PRODUCTS_DIR; };
		37BA701B1E36E6070093EAE5 /* AppDelegate.swift */ = {isa = PBXFileReference; lastKnownFileType = sourcecode.swift; path = AppDelegate.swift; sourceTree = "<group>"; };
		37BA70221E36E6070093EAE5 /* Assets.xcassets */ = {isa = PBXFileReference; lastKnownFileType = folder.assetcatalog; path = Assets.xcassets; sourceTree = "<group>"; };
		37BA70251E36E6070093EAE5 /* Base */ = {isa = PBXFileReference; lastKnownFileType = file.storyboard; name = Base; path = Base.lproj/LaunchScreen.storyboard; sourceTree = "<group>"; };
		37BA70271E36E6070093EAE5 /* Info.plist */ = {isa = PBXFileReference; lastKnownFileType = text.plist.xml; path = Info.plist; sourceTree = "<group>"; };
		37C49C361EC68BB500187EBE /* TIPFeedItem.swift */ = {isa = PBXFileReference; fileEncoding = 4; lastKnownFileType = sourcecode.swift; name = TIPFeedItem.swift; path = Models/TIPFeedItem.swift; sourceTree = "<group>"; };
		37D1D7A81F23E879002246FB /* Date+Tipit.swift */ = {isa = PBXFileReference; fileEncoding = 4; lastKnownFileType = sourcecode.swift; name = "Date+Tipit.swift"; path = "Extensions/Date+Tipit.swift"; sourceTree = "<group>"; };
		37DD13A31F05958200237CF8 /* TIPStoryCollectionViewCell.swift */ = {isa = PBXFileReference; fileEncoding = 4; lastKnownFileType = sourcecode.swift; name = TIPStoryCollectionViewCell.swift; path = UI/Cells/TIPStoryCollectionViewCell.swift; sourceTree = "<group>"; };
		37DD13A51F0598D400237CF8 /* TIPPersonalProfileViewController.swift */ = {isa = PBXFileReference; fileEncoding = 4; lastKnownFileType = sourcecode.swift; name = TIPPersonalProfileViewController.swift; path = "UI/View Controllers/TIPPersonalProfileViewController.swift"; sourceTree = "<group>"; };
		37DD13A71F08110700237CF8 /* TIPFeedEmptyView.swift */ = {isa = PBXFileReference; fileEncoding = 4; lastKnownFileType = sourcecode.swift; name = TIPFeedEmptyView.swift; path = UI/Views/TIPFeedEmptyView.swift; sourceTree = "<group>"; };
		37DD13A91F08111900237CF8 /* TIPNoConnectionView.swift */ = {isa = PBXFileReference; fileEncoding = 4; lastKnownFileType = sourcecode.swift; name = TIPNoConnectionView.swift; path = UI/Views/TIPNoConnectionView.swift; sourceTree = "<group>"; };
		37DD13AB1F08113300237CF8 /* TIPEmptyStateView.swift */ = {isa = PBXFileReference; fileEncoding = 4; lastKnownFileType = sourcecode.swift; name = TIPEmptyStateView.swift; path = UI/Views/TIPEmptyStateView.swift; sourceTree = "<group>"; };
		61A49348F6339EFD26163BCA /* Pods-Ironc.ly.debug.xcconfig */ = {isa = PBXFileReference; includeInIndex = 1; lastKnownFileType = text.xcconfig; name = "Pods-Ironc.ly.debug.xcconfig"; path = "Pods/Target Support Files/Pods-Ironc.ly/Pods-Ironc.ly.debug.xcconfig"; sourceTree = "<group>"; };
		840C62601F55DAAA00B5A083 /* TIPFilterCollectionViewCell.swift */ = {isa = PBXFileReference; fileEncoding = 4; lastKnownFileType = sourcecode.swift; name = TIPFilterCollectionViewCell.swift; path = UI/Cells/TIPFilterCollectionViewCell.swift; sourceTree = "<group>"; };
		8432BA631F5769FC003F694F /* TIPProfileStoryCollectionViewCell.swift */ = {isa = PBXFileReference; fileEncoding = 4; lastKnownFileType = sourcecode.swift; path = TIPProfileStoryCollectionViewCell.swift; sourceTree = "<group>"; };
		E54470B742B7828ED5B2D012 /* Pods_Ironc_ly.framework */ = {isa = PBXFileReference; explicitFileType = wrapper.framework; includeInIndex = 0; path = Pods_Ironc_ly.framework; sourceTree = BUILT_PRODUCTS_DIR; };
		FA0490141F27BD170093E3EE /* diamond.json */ = {isa = PBXFileReference; fileEncoding = 4; lastKnownFileType = text.json; path = diamond.json; sourceTree = "<group>"; };
		FA4488781F4B9A2E00CE0F64 /* handwriting.ttf */ = {isa = PBXFileReference; lastKnownFileType = file; path = handwriting.ttf; sourceTree = "<group>"; };
		FA51A1751F45F4E000B43033 /* TIPLoadingView.swift */ = {isa = PBXFileReference; fileEncoding = 4; lastKnownFileType = sourcecode.swift; name = TIPLoadingView.swift; path = UI/Views/TIPLoadingView.swift; sourceTree = "<group>"; };
		FA56F9281F2A3BED00B0F292 /* TIPChatViewController.swift */ = {isa = PBXFileReference; fileEncoding = 4; lastKnownFileType = sourcecode.swift; name = TIPChatViewController.swift; path = "UI/View Controllers/TIPChatViewController.swift"; sourceTree = "<group>"; };
		FA56F92A1F2A6E6A00B0F292 /* TIPChatCollectionViewCell.swift */ = {isa = PBXFileReference; fileEncoding = 4; lastKnownFileType = sourcecode.swift; name = TIPChatCollectionViewCell.swift; path = UI/Cells/TIPChatCollectionViewCell.swift; sourceTree = "<group>"; };
		FAA587BD1F5CA81D0053216C /* InfiniteCollectionView.swift */ = {isa = PBXFileReference; fileEncoding = 4; lastKnownFileType = sourcecode.swift; path = InfiniteCollectionView.swift; sourceTree = "<group>"; };
		FAAAF8AB1F573D42000DB63B /* font2.ttf */ = {isa = PBXFileReference; lastKnownFileType = file; path = font2.ttf; sourceTree = "<group>"; };
		FAB9F24D1F3E147B00D025F0 /* TIPSearchEmptyView.swift */ = {isa = PBXFileReference; fileEncoding = 4; lastKnownFileType = sourcecode.swift; name = TIPSearchEmptyView.swift; path = UI/Views/TIPSearchEmptyView.swift; sourceTree = "<group>"; };
		FAB9F24F1F3E5DCB00D025F0 /* kiss.json */ = {isa = PBXFileReference; fileEncoding = 4; lastKnownFileType = text.json; path = kiss.json; sourceTree = "<group>"; };
		FAB9F2511F3E5DD600D025F0 /* smile.json */ = {isa = PBXFileReference; fileEncoding = 4; lastKnownFileType = text.json; path = smile.json; sourceTree = "<group>"; };
		FAB9F2531F3E5DDC00D025F0 /* star.json */ = {isa = PBXFileReference; fileEncoding = 4; lastKnownFileType = text.json; path = star.json; sourceTree = "<group>"; };
		FABBD3601F2948920061567F /* TIPMessageListTableViewCell.swift */ = {isa = PBXFileReference; fileEncoding = 4; lastKnownFileType = sourcecode.swift; name = TIPMessageListTableViewCell.swift; path = UI/Cells/TIPMessageListTableViewCell.swift; sourceTree = "<group>"; };
		FAC8B71E1F59B27000CF009C /* TIPMainPageViewController.swift */ = {isa = PBXFileReference; fileEncoding = 4; lastKnownFileType = sourcecode.swift; name = TIPMainPageViewController.swift; path = "UI/View Controllers/TIPMainPageViewController.swift"; sourceTree = "<group>"; };
		FAEA2DC61F23F097004B116C /* StoreKit.framework */ = {isa = PBXFileReference; lastKnownFileType = wrapper.framework; name = StoreKit.framework; path = System/Library/Frameworks/StoreKit.framework; sourceTree = SDKROOT; };
		FAFEB18C1F5DB9CC00FFC17E /* freehand.ttf */ = {isa = PBXFileReference; lastKnownFileType = file; path = freehand.ttf; sourceTree = "<group>"; };
		FAFEB18E1F5DCCFC00FFC17E /* TIPPullDownMenu.swift */ = {isa = PBXFileReference; fileEncoding = 4; lastKnownFileType = sourcecode.swift; name = TIPPullDownMenu.swift; path = UI/Views/TIPPullDownMenu.swift; sourceTree = "<group>"; };
		FAFEB1901F5DECC200FFC17E /* TIPPullDownCollectionViewCell.swift */ = {isa = PBXFileReference; fileEncoding = 4; lastKnownFileType = sourcecode.swift; name = TIPPullDownCollectionViewCell.swift; path = UI/Cells/TIPPullDownCollectionViewCell.swift; sourceTree = "<group>"; };
		FAFEB1921F5DFDD100FFC17E /* TIPViewControllerWIthPullDown.swift */ = {isa = PBXFileReference; fileEncoding = 4; lastKnownFileType = sourcecode.swift; name = TIPViewControllerWIthPullDown.swift; path = "UI/View Controllers/TIPViewControllerWIthPullDown.swift"; sourceTree = "<group>"; };
/* End PBXFileReference section */

/* Begin PBXFrameworksBuildPhase section */
		37BA70151E36E6070093EAE5 /* Frameworks */ = {
			isa = PBXFrameworksBuildPhase;
			buildActionMask = 2147483647;
			files = (
				DA72DF1118F5082A15C3EEA9 /* Pods_Ironc_ly.framework in Frameworks */,
				FAEA2DC71F23F097004B116C /* StoreKit.framework in Frameworks */,
			);
			runOnlyForDeploymentPostprocessing = 0;
		};
/* End PBXFrameworksBuildPhase section */

/* Begin PBXGroup section */
		270C6098F805173B72EF8442 /* Pods */ = {
			isa = PBXGroup;
			children = (
				61A49348F6339EFD26163BCA /* Pods-Ironc.ly.debug.xcconfig */,
				2D9390AE0C7C973632987C98 /* Pods-Ironc.ly.release.xcconfig */,
			);
			name = Pods;
			sourceTree = "<group>";
		};
		370E36641E43B21100F8FF9E /* Models */ = {
			isa = PBXGroup;
			children = (
				37C49C361EC68BB500187EBE /* TIPFeedItem.swift */,
				3762A5391E96C1F4007FDD51 /* TIPMediaItem.swift */,
				370E36651E43B22900F8FF9E /* TIPPost.swift */,
				3702E6D21EC3770000A8D0AB /* TIPSearchUser.swift */,
				374E5B351EE77FC800A0CD75 /* TIPShape.swift */,
				37079BE31F01918E0022E014 /* TIPStory.swift */,
				370E36671E43B24400F8FF9E /* TIPUser.swift */,
				37417E031E8EB6A200E1AF62 /* TIPValidator.swift */,
			);
			name = Models;
			sourceTree = "<group>";
		};
		3715BFD61E9D1C4800C29D9E /* UI */ = {
			isa = PBXGroup;
			children = (
				37B192C71EE7789E00D07F53 /* Animations */,
				37BA70351E36F3AF0093EAE5 /* Cells */,
				3715BFD71E9D1C4D00C29D9E /* Controls */,
				37BA702E1E36E8EF0093EAE5 /* View Controllers */,
				373238DF1E4E29A800E787C9 /* Views */,
			);
			name = UI;
			sourceTree = "<group>";
		};
		3715BFD71E9D1C4D00C29D9E /* Controls */ = {
			isa = PBXGroup;
			children = (
				37079BB11F0191410022E014 /* TIPButton.swift */,
				37079BB21F0191410022E014 /* TIPTextField.swift */,
			);
			name = Controls;
			sourceTree = "<group>";
		};
		3715BFDC1E9D300300C29D9E /* Extensions */ = {
			isa = PBXGroup;
			children = (
				37079B931F01900A0022E014 /* CALayer+TextField.swift */,
				37079B941F01900B0022E014 /* UIColor+PremiumSnap.swift */,
				37079B951F01900B0022E014 /* UIImage+URL.swift */,
				37079B8F1F018F790022E014 /* UIViewContr+Style.swift */,
				37079B991F0191100022E014 /* UIViewController+Alert.swift */,
				37D1D7A81F23E879002246FB /* Date+Tipit.swift */,
				FAA587BD1F5CA81D0053216C /* InfiniteCollectionView.swift */,
			);
			name = Extensions;
			sourceTree = "<group>";
		};
		373238DF1E4E29A800E787C9 /* Views */ = {
			isa = PBXGroup;
			children = (
				FAFEB18E1F5DCCFC00FFC17E /* TIPPullDownMenu.swift */,
				37079BDD1F01915D0022E014 /* TIPEditProfileHeaderView.swift */,
				37079BDE1F01915D0022E014 /* TIPTipView.swift */,
				37DD13A71F08110700237CF8 /* TIPFeedEmptyView.swift */,
				FAB9F24D1F3E147B00D025F0 /* TIPSearchEmptyView.swift */,
				37DD13A91F08111900237CF8 /* TIPNoConnectionView.swift */,
				37DD13AB1F08113300237CF8 /* TIPEmptyStateView.swift */,
				3729B7961F08262700CEBAED /* TIPNoInternetView.swift */,
				FA51A1751F45F4E000B43033 /* TIPLoadingView.swift */,
			);
			name = Views;
			sourceTree = "<group>";
		};
		3762A5361E96B863007FDD51 /* Networking */ = {
			isa = PBXGroup;
			children = (
				37079BE11F0191830022E014 /* TIPAPIClient.swift */,
				3704A4CA1F017C3800D141C1 /* TIPParser.swift */,
			);
			name = Networking;
			sourceTree = "<group>";
		};
		37875D9B1E54C2D600C86290 /* SwiftyCam */ = {
			isa = PBXGroup;
			children = (
				37079BE51F0191A40022E014 /* PhotoViewController.swift */,
				37079BE61F0191A40022E014 /* PreviewView.swift */,
				37079BE71F0191A40022E014 /* SwiftyCamButton.swift */,
				37079BE81F0191A40022E014 /* SwiftyCamViewController.swift */,
				37079BE91F0191A40022E014 /* SwiftyCamViewControllerDelegate.swift */,
				37079BEA1F0191A40022E014 /* SwiftyRecordButton.swift */,
				37079BEB1F0191A40022E014 /* VideoViewController.swift */,
			);
			name = SwiftyCam;
			sourceTree = "<group>";
		};
		37B192C61EE7316200D07F53 /* Config */ = {
			isa = PBXGroup;
			children = (
				37079B911F018FDB0022E014 /* TIPStyle.swift */,
			);
			name = Config;
			sourceTree = "<group>";
		};
		37B192C71EE7789E00D07F53 /* Animations */ = {
			isa = PBXGroup;
			children = (
				FA0490141F27BD170093E3EE /* diamond.json */,
				37079B9B1F0191290022E014 /* diamond1.json */,
				37079B9C1F0191290022E014 /* heart.json */,
				FAB9F24F1F3E5DCB00D025F0 /* kiss.json */,
				37079B9D1F0191290022E014 /* kiss1.json */,
				FAB9F2511F3E5DD600D025F0 /* smile.json */,
				37079B9E1F0191290022E014 /* smile1.json */,
				FAB9F2531F3E5DDC00D025F0 /* star.json */,
				37079B9F1F0191290022E014 /* star1.json */,
				37079BA01F0191290022E014 /* sun.json */,
			);
			name = Animations;
			sourceTree = "<group>";
		};
		37BA700F1E36E6070093EAE5 = {
			isa = PBXGroup;
			children = (
				37BA701A1E36E6070093EAE5 /* Ironc.ly */,
				37BA70191E36E6070093EAE5 /* Products */,
				270C6098F805173B72EF8442 /* Pods */,
				D8650C89371D34FFD109B1DB /* Frameworks */,
			);
			sourceTree = "<group>";
		};
		37BA70191E36E6070093EAE5 /* Products */ = {
			isa = PBXGroup;
			children = (
				37BA70181E36E6070093EAE5 /* Ironc.ly.app */,
			);
			name = Products;
			sourceTree = "<group>";
		};
		37BA701A1E36E6070093EAE5 /* Ironc.ly */ = {
			isa = PBXGroup;
			children = (
				37B192C61EE7316200D07F53 /* Config */,
				3715BFDC1E9D300300C29D9E /* Extensions */,
				3715BFD61E9D1C4800C29D9E /* UI */,
				3762A5361E96B863007FDD51 /* Networking */,
				37875D9B1E54C2D600C86290 /* SwiftyCam */,
				370E36641E43B21100F8FF9E /* Models */,
				37BA702D1E36E86A0093EAE5 /* Supporting Files */,
			);
			path = Ironc.ly;
			sourceTree = "<group>";
		};
		37BA702D1E36E86A0093EAE5 /* Supporting Files */ = {
			isa = PBXGroup;
			children = (
				37BA701B1E36E6070093EAE5 /* AppDelegate.swift */,
				37BA70221E36E6070093EAE5 /* Assets.xcassets */,
				FA4488781F4B9A2E00CE0F64 /* handwriting.ttf */,
				FAAAF8AB1F573D42000DB63B /* font2.ttf */,
				FAFEB18C1F5DB9CC00FFC17E /* freehand.ttf */,
				37BA70241E36E6070093EAE5 /* LaunchScreen.storyboard */,
				37BA70271E36E6070093EAE5 /* Info.plist */,
			);
			name = "Supporting Files";
			sourceTree = "<group>";
		};
		37BA702E1E36E8EF0093EAE5 /* View Controllers */ = {
			isa = PBXGroup;
			children = (
				37079BB51F01914F0022E014 /* TIPBuyCoinsViewController.swift */,
				FAFEB1921F5DFDD100FFC17E /* TIPViewControllerWIthPullDown.swift */,
				FAC8B71E1F59B27000CF009C /* TIPMainPageViewController.swift */,
				37079BB61F01914F0022E014 /* TIPCamViewController.swift */,
				37079BB71F01914F0022E014 /* TIPEditProfileViewController.swift */,
				37079BBE1F01914F0022E014 /* TIPPagingTabViewController.swift */,
				37079BB81F01914F0022E014 /* TIPFeedViewController.swift */,
				37079BB91F01914F0022E014 /* TIPFollowersViewController.swift */,
				37079BBA1F01914F0022E014 /* TIPFollowingViewController.swift */,
				37079BBB1F01914F0022E014 /* TIPForgotPasswordViewController.swift */,
				37079BBC1F01914F0022E014 /* TIPLoginViewController.swift */,
				37079BBD1F01914F0022E014 /* TIPMessagesViewController.swift */,
				FA56F9281F2A3BED00B0F292 /* TIPChatViewController.swift */,
				37079BBF1F01914F0022E014 /* TIPPlaceholderViewController.swift */,
				37079BC01F01914F0022E014 /* TIPPostViewController.swift */,
				37079BC11F01914F0022E014 /* TIPPreviewViewController.swift */,
				37079BC21F01914F0022E014 /* TIPProfileViewController.swift */,
				37079BC31F01914F0022E014 /* TIPRegisterViewController.swift */,
				37079BC41F01914F0022E014 /* TIPSearchViewController.swift */,
				37079BC51F01914F0022E014 /* TIPSettingsViewController.swift */,
				37079BC61F01914F0022E014 /* TIPStoryViewController.swift */,
				37079BC71F01914F0022E014 /* TIPTabBarController.swift */,
				37079BC81F01914F0022E014 /* TIPUserTableViewController.swift */,
				37DD13A51F0598D400237CF8 /* TIPPersonalProfileViewController.swift */,
			);
			name = "View Controllers";
			sourceTree = "<group>";
		};
		37BA70351E36F3AF0093EAE5 /* Cells */ = {
			isa = PBXGroup;
			children = (
				37079BA71F0191340022E014 /* TIPCoinTableViewCell.swift */,
				37079BA81F0191340022E014 /* TIPEditProfileTableViewCell.swift */,
				37DD13A31F05958200237CF8 /* TIPStoryCollectionViewCell.swift */,
				37079BA91F0191340022E014 /* TIPFeedCollectionViewCell.swift */,
				37079BAA1F0191340022E014 /* TIPSearchCollectionViewCell.swift */,
				37079BAB1F0191340022E014 /* TIPShapeCollectionViewCell.swift */,
				FABBD3601F2948920061567F /* TIPMessageListTableViewCell.swift */,
				FA56F92A1F2A6E6A00B0F292 /* TIPChatCollectionViewCell.swift */,
				840C62601F55DAAA00B5A083 /* TIPFilterCollectionViewCell.swift */,
				8432BA631F5769FC003F694F /* TIPProfileStoryCollectionViewCell.swift */,
				FAFEB1901F5DECC200FFC17E /* TIPPullDownCollectionViewCell.swift */,
			);
			name = Cells;
			sourceTree = "<group>";
		};
		D8650C89371D34FFD109B1DB /* Frameworks */ = {
			isa = PBXGroup;
			children = (
				FAEA2DC61F23F097004B116C /* StoreKit.framework */,
				E54470B742B7828ED5B2D012 /* Pods_Ironc_ly.framework */,
			);
			name = Frameworks;
			sourceTree = "<group>";
		};
/* End PBXGroup section */

/* Begin PBXNativeTarget section */
		37BA70171E36E6070093EAE5 /* Ironc.ly */ = {
			isa = PBXNativeTarget;
			buildConfigurationList = 37BA702A1E36E6070093EAE5 /* Build configuration list for PBXNativeTarget "Ironc.ly" */;
			buildPhases = (
				1AFDE1CE8B2C1AF3310E65B6 /* [CP] Check Pods Manifest.lock */,
				37BA70141E36E6070093EAE5 /* Sources */,
				37BA70151E36E6070093EAE5 /* Frameworks */,
				37BA70161E36E6070093EAE5 /* Resources */,
				D957A6E141BB0EADFF5357C5 /* [CP] Embed Pods Frameworks */,
				95E8F94A39987C284E9983EE /* [CP] Copy Pods Resources */,
			);
			buildRules = (
			);
			dependencies = (
			);
			name = Ironc.ly;
			productName = Ironc.ly;
			productReference = 37BA70181E36E6070093EAE5 /* Ironc.ly.app */;
			productType = "com.apple.product-type.application";
		};
/* End PBXNativeTarget section */

/* Begin PBXProject section */
		37BA70101E36E6070093EAE5 /* Project object */ = {
			isa = PBXProject;
			attributes = {
				LastSwiftUpdateCheck = 0820;
				LastUpgradeCheck = 0830;
				ORGANIZATIONNAME = "Richard McAteer";
				TargetAttributes = {
					37BA70171E36E6070093EAE5 = {
						CreatedOnToolsVersion = 8.2;
						DevelopmentTeam = R74782WUZX;
						ProvisioningStyle = Automatic;
						SystemCapabilities = {
							com.apple.InAppPurchase = {
								enabled = 1;
							};
						};
					};
				};
			};
			buildConfigurationList = 37BA70131E36E6070093EAE5 /* Build configuration list for PBXProject "Ironc.ly" */;
			compatibilityVersion = "Xcode 3.2";
			developmentRegion = English;
			hasScannedForEncodings = 0;
			knownRegions = (
				en,
				Base,
			);
			mainGroup = 37BA700F1E36E6070093EAE5;
			productRefGroup = 37BA70191E36E6070093EAE5 /* Products */;
			projectDirPath = "";
			projectRoot = "";
			targets = (
				37BA70171E36E6070093EAE5 /* Ironc.ly */,
			);
		};
/* End PBXProject section */

/* Begin PBXResourcesBuildPhase section */
		37BA70161E36E6070093EAE5 /* Resources */ = {
			isa = PBXResourcesBuildPhase;
			buildActionMask = 2147483647;
			files = (
				37BA70261E36E6070093EAE5 /* LaunchScreen.storyboard in Resources */,
				FAB9F2501F3E5DCB00D025F0 /* kiss.json in Resources */,
				FA0490151F27BD170093E3EE /* diamond.json in Resources */,
				FAFEB18D1F5DB9CC00FFC17E /* freehand.ttf in Resources */,
				FAB9F2521F3E5DD600D025F0 /* smile.json in Resources */,
				37079BA31F0191290022E014 /* kiss1.json in Resources */,
				37079BA11F0191290022E014 /* diamond1.json in Resources */,
				37079BA21F0191290022E014 /* heart.json in Resources */,
				FA4488791F4B9A2E00CE0F64 /* handwriting.ttf in Resources */,
				FAB9F2541F3E5DDC00D025F0 /* star.json in Resources */,
				37079BA51F0191290022E014 /* star1.json in Resources */,
				37079BA41F0191290022E014 /* smile1.json in Resources */,
				FAAAF8AC1F573D42000DB63B /* font2.ttf in Resources */,
				37079BA61F0191290022E014 /* sun.json in Resources */,
				37BA70231E36E6070093EAE5 /* Assets.xcassets in Resources */,
			);
			runOnlyForDeploymentPostprocessing = 0;
		};
/* End PBXResourcesBuildPhase section */

/* Begin PBXShellScriptBuildPhase section */
		1AFDE1CE8B2C1AF3310E65B6 /* [CP] Check Pods Manifest.lock */ = {
			isa = PBXShellScriptBuildPhase;
			buildActionMask = 2147483647;
			files = (
			);
			inputPaths = (
			);
			name = "[CP] Check Pods Manifest.lock";
			outputPaths = (
			);
			runOnlyForDeploymentPostprocessing = 0;
			shellPath = /bin/sh;
			shellScript = "diff \"${PODS_ROOT}/../Podfile.lock\" \"${PODS_ROOT}/Manifest.lock\" > /dev/null\nif [ $? != 0 ] ; then\n    # print error to STDERR\n    echo \"error: The sandbox is not in sync with the Podfile.lock. Run 'pod install' or update your CocoaPods installation.\" >&2\n    exit 1\nfi\n";
			showEnvVarsInLog = 0;
		};
		95E8F94A39987C284E9983EE /* [CP] Copy Pods Resources */ = {
			isa = PBXShellScriptBuildPhase;
			buildActionMask = 2147483647;
			files = (
			);
			inputPaths = (
			);
			name = "[CP] Copy Pods Resources";
			outputPaths = (
			);
			runOnlyForDeploymentPostprocessing = 0;
			shellPath = /bin/sh;
			shellScript = "\"${SRCROOT}/Pods/Target Support Files/Pods-Ironc.ly/Pods-Ironc.ly-resources.sh\"\n";
			showEnvVarsInLog = 0;
		};
		D957A6E141BB0EADFF5357C5 /* [CP] Embed Pods Frameworks */ = {
			isa = PBXShellScriptBuildPhase;
			buildActionMask = 2147483647;
			files = (
			);
			inputPaths = (
			);
			name = "[CP] Embed Pods Frameworks";
			outputPaths = (
			);
			runOnlyForDeploymentPostprocessing = 0;
			shellPath = /bin/sh;
			shellScript = "\"${SRCROOT}/Pods/Target Support Files/Pods-Ironc.ly/Pods-Ironc.ly-frameworks.sh\"\n";
			showEnvVarsInLog = 0;
		};
/* End PBXShellScriptBuildPhase section */

/* Begin PBXSourcesBuildPhase section */
		37BA70141E36E6070093EAE5 /* Sources */ = {
			isa = PBXSourcesBuildPhase;
			buildActionMask = 2147483647;
			files = (
				37079BAD1F0191340022E014 /* TIPEditProfileTableViewCell.swift in Sources */,
				37079BCB1F01914F0022E014 /* TIPEditProfileViewController.swift in Sources */,
				FA56F9291F2A3BED00B0F292 /* TIPChatViewController.swift in Sources */,
				3702E6D31EC3770000A8D0AB /* TIPSearchUser.swift in Sources */,
				3729B7971F08262700CEBAED /* TIPNoInternetView.swift in Sources */,
				37079BCF1F01914F0022E014 /* TIPForgotPasswordViewController.swift in Sources */,
				37079BF01F0191A40022E014 /* SwiftyCamViewControllerDelegate.swift in Sources */,
				3762A53A1E96C1F4007FDD51 /* TIPMediaItem.swift in Sources */,
				37079BC91F01914F0022E014 /* TIPBuyCoinsViewController.swift in Sources */,
				37079BD71F01914F0022E014 /* TIPRegisterViewController.swift in Sources */,
				37C49C371EC68BB500187EBE /* TIPFeedItem.swift in Sources */,
				37079BCA1F01914F0022E014 /* TIPCamViewController.swift in Sources */,
				37079B961F01900B0022E014 /* CALayer+TextField.swift in Sources */,
				37079BCE1F01914F0022E014 /* TIPFollowingViewController.swift in Sources */,
				840C62611F55DAAA00B5A083 /* TIPFilterCollectionViewCell.swift in Sources */,
				37079BAF1F0191340022E014 /* TIPSearchCollectionViewCell.swift in Sources */,
				37079BEF1F0191A40022E014 /* SwiftyCamViewController.swift in Sources */,
				37079BE21F0191830022E014 /* TIPAPIClient.swift in Sources */,
				370E36661E43B22900F8FF9E /* TIPPost.swift in Sources */,
				37079BD51F01914F0022E014 /* TIPPreviewViewController.swift in Sources */,
				8432BA641F5769FC003F694F /* TIPProfileStoryCollectionViewCell.swift in Sources */,
				37079BEC1F0191A40022E014 /* PhotoViewController.swift in Sources */,
				37079BDB1F01914F0022E014 /* TIPTabBarController.swift in Sources */,
				37079BF21F0191A40022E014 /* VideoViewController.swift in Sources */,
				37DD13A81F08110700237CF8 /* TIPFeedEmptyView.swift in Sources */,
				374E5B361EE77FC800A0CD75 /* TIPShape.swift in Sources */,
				FABBD3611F2948920061567F /* TIPMessageListTableViewCell.swift in Sources */,
				37BA701C1E36E6070093EAE5 /* AppDelegate.swift in Sources */,
				FAFEB1911F5DECC200FFC17E /* TIPPullDownCollectionViewCell.swift in Sources */,
				37079BDA1F01914F0022E014 /* TIPStoryViewController.swift in Sources */,
				37417E041E8EB6A200E1AF62 /* TIPValidator.swift in Sources */,
				37079BCD1F01914F0022E014 /* TIPFollowersViewController.swift in Sources */,
				37079BD31F01914F0022E014 /* TIPPlaceholderViewController.swift in Sources */,
				37079BAE1F0191340022E014 /* TIPFeedCollectionViewCell.swift in Sources */,
				37079BD01F01914F0022E014 /* TIPLoginViewController.swift in Sources */,
				FAFEB1931F5DFDD100FFC17E /* TIPViewControllerWIthPullDown.swift in Sources */,
				FAB9F24E1F3E147B00D025F0 /* TIPSearchEmptyView.swift in Sources */,
				37079BD91F01914F0022E014 /* TIPSettingsViewController.swift in Sources */,
				37DD13A61F0598D400237CF8 /* TIPPersonalProfileViewController.swift in Sources */,
				37079BB41F0191410022E014 /* TIPTextField.swift in Sources */,
				37079BB31F0191410022E014 /* TIPButton.swift in Sources */,
				FAFEB18F1F5DCCFC00FFC17E /* TIPPullDownMenu.swift in Sources */,
				37079BD41F01914F0022E014 /* TIPPostViewController.swift in Sources */,
				37079BD11F01914F0022E014 /* TIPMessagesViewController.swift in Sources */,
				37079B9A1F0191100022E014 /* UIViewController+Alert.swift in Sources */,
				37DD13A41F05958200237CF8 /* TIPStoryCollectionViewCell.swift in Sources */,
				37D1D7A91F23E879002246FB /* Date+Tipit.swift in Sources */,
				37DD13AA1F08111900237CF8 /* TIPNoConnectionView.swift in Sources */,
				37079BB01F0191340022E014 /* TIPShapeCollectionViewCell.swift in Sources */,
				FA56F92B1F2A6E6A00B0F292 /* TIPChatCollectionViewCell.swift in Sources */,
				37079B971F01900B0022E014 /* UIColor+PremiumSnap.swift in Sources */,
				FAC8B71F1F59B27000CF009C /* TIPMainPageViewController.swift in Sources */,
				37079BAC1F0191340022E014 /* TIPCoinTableViewCell.swift in Sources */,
				37079BD81F01914F0022E014 /* TIPSearchViewController.swift in Sources */,
				37079BDC1F01914F0022E014 /* TIPUserTableViewController.swift in Sources */,
				370E36681E43B24500F8FF9E /* TIPUser.swift in Sources */,
				37079BD21F01914F0022E014 /* TIPPagingTabViewController.swift in Sources */,
				37079BD61F01914F0022E014 /* TIPProfileViewController.swift in Sources */,
				37DD13AC1F08113300237CF8 /* TIPEmptyStateView.swift in Sources */,
				37079BDF1F01915D0022E014 /* TIPEditProfileHeaderView.swift in Sources */,
				3704A4CB1F017C3800D141C1 /* TIPParser.swift in Sources */,
				FA51A1761F45F4E000B43033 /* TIPLoadingView.swift in Sources */,
				37079BED1F0191A40022E014 /* PreviewView.swift in Sources */,
				37079BF11F0191A40022E014 /* SwiftyRecordButton.swift in Sources */,
				37079B981F01900B0022E014 /* UIImage+URL.swift in Sources */,
				37079BE01F01915D0022E014 /* TIPTipView.swift in Sources */,
				FAA587BE1F5CA81D0053216C /* InfiniteCollectionView.swift in Sources */,
				37079BE41F01918E0022E014 /* TIPStory.swift in Sources */,
				37079BCC1F01914F0022E014 /* TIPFeedViewController.swift in Sources */,
				37079BEE1F0191A40022E014 /* SwiftyCamButton.swift in Sources */,
				37079B921F018FDB0022E014 /* TIPStyle.swift in Sources */,
				37079B901F018F790022E014 /* UIViewContr+Style.swift in Sources */,
			);
			runOnlyForDeploymentPostprocessing = 0;
		};
/* End PBXSourcesBuildPhase section */

/* Begin PBXVariantGroup section */
		37BA70241E36E6070093EAE5 /* LaunchScreen.storyboard */ = {
			isa = PBXVariantGroup;
			children = (
				37BA70251E36E6070093EAE5 /* Base */,
			);
			name = LaunchScreen.storyboard;
			sourceTree = "<group>";
		};
/* End PBXVariantGroup section */

/* Begin XCBuildConfiguration section */
		37BA70281E36E6070093EAE5 /* Debug */ = {
			isa = XCBuildConfiguration;
			buildSettings = {
				ALWAYS_SEARCH_USER_PATHS = NO;
				CLANG_ANALYZER_NONNULL = YES;
				CLANG_CXX_LANGUAGE_STANDARD = "gnu++0x";
				CLANG_CXX_LIBRARY = "libc++";
				CLANG_ENABLE_MODULES = YES;
				CLANG_ENABLE_OBJC_ARC = YES;
				CLANG_WARN_BOOL_CONVERSION = YES;
				CLANG_WARN_CONSTANT_CONVERSION = YES;
				CLANG_WARN_DIRECT_OBJC_ISA_USAGE = YES_ERROR;
				CLANG_WARN_DOCUMENTATION_COMMENTS = YES;
				CLANG_WARN_EMPTY_BODY = YES;
				CLANG_WARN_ENUM_CONVERSION = YES;
				CLANG_WARN_INFINITE_RECURSION = YES;
				CLANG_WARN_INT_CONVERSION = YES;
				CLANG_WARN_OBJC_ROOT_CLASS = YES_ERROR;
				CLANG_WARN_SUSPICIOUS_MOVE = YES;
				CLANG_WARN_UNREACHABLE_CODE = YES;
				CLANG_WARN__DUPLICATE_METHOD_MATCH = YES;
				"CODE_SIGN_IDENTITY[sdk=iphoneos*]" = "iPhone Developer";
				COPY_PHASE_STRIP = NO;
				DEBUG_INFORMATION_FORMAT = dwarf;
				ENABLE_STRICT_OBJC_MSGSEND = YES;
				ENABLE_TESTABILITY = YES;
				GCC_C_LANGUAGE_STANDARD = gnu99;
				GCC_DYNAMIC_NO_PIC = NO;
				GCC_NO_COMMON_BLOCKS = YES;
				GCC_OPTIMIZATION_LEVEL = 0;
				GCC_PREPROCESSOR_DEFINITIONS = (
					"DEBUG=1",
					"$(inherited)",
				);
				GCC_WARN_64_TO_32_BIT_CONVERSION = YES;
				GCC_WARN_ABOUT_RETURN_TYPE = YES_ERROR;
				GCC_WARN_UNDECLARED_SELECTOR = YES;
				GCC_WARN_UNINITIALIZED_AUTOS = YES_AGGRESSIVE;
				GCC_WARN_UNUSED_FUNCTION = YES;
				GCC_WARN_UNUSED_VARIABLE = YES;
				IPHONEOS_DEPLOYMENT_TARGET = 10.2;
				MTL_ENABLE_DEBUG_INFO = YES;
				ONLY_ACTIVE_ARCH = YES;
				SDKROOT = iphoneos;
				SWIFT_ACTIVE_COMPILATION_CONDITIONS = DEBUG;
				SWIFT_OPTIMIZATION_LEVEL = "-Onone";
				TARGETED_DEVICE_FAMILY = "1,2";
			};
			name = Debug;
		};
		37BA70291E36E6070093EAE5 /* Release */ = {
			isa = XCBuildConfiguration;
			buildSettings = {
				ALWAYS_SEARCH_USER_PATHS = NO;
				CLANG_ANALYZER_NONNULL = YES;
				CLANG_CXX_LANGUAGE_STANDARD = "gnu++0x";
				CLANG_CXX_LIBRARY = "libc++";
				CLANG_ENABLE_MODULES = YES;
				CLANG_ENABLE_OBJC_ARC = YES;
				CLANG_WARN_BOOL_CONVERSION = YES;
				CLANG_WARN_CONSTANT_CONVERSION = YES;
				CLANG_WARN_DIRECT_OBJC_ISA_USAGE = YES_ERROR;
				CLANG_WARN_DOCUMENTATION_COMMENTS = YES;
				CLANG_WARN_EMPTY_BODY = YES;
				CLANG_WARN_ENUM_CONVERSION = YES;
				CLANG_WARN_INFINITE_RECURSION = YES;
				CLANG_WARN_INT_CONVERSION = YES;
				CLANG_WARN_OBJC_ROOT_CLASS = YES_ERROR;
				CLANG_WARN_SUSPICIOUS_MOVE = YES;
				CLANG_WARN_UNREACHABLE_CODE = YES;
				CLANG_WARN__DUPLICATE_METHOD_MATCH = YES;
				"CODE_SIGN_IDENTITY[sdk=iphoneos*]" = "iPhone Developer";
				COPY_PHASE_STRIP = NO;
				DEBUG_INFORMATION_FORMAT = "dwarf-with-dsym";
				ENABLE_NS_ASSERTIONS = NO;
				ENABLE_STRICT_OBJC_MSGSEND = YES;
				GCC_C_LANGUAGE_STANDARD = gnu99;
				GCC_NO_COMMON_BLOCKS = YES;
				GCC_WARN_64_TO_32_BIT_CONVERSION = YES;
				GCC_WARN_ABOUT_RETURN_TYPE = YES_ERROR;
				GCC_WARN_UNDECLARED_SELECTOR = YES;
				GCC_WARN_UNINITIALIZED_AUTOS = YES_AGGRESSIVE;
				GCC_WARN_UNUSED_FUNCTION = YES;
				GCC_WARN_UNUSED_VARIABLE = YES;
				IPHONEOS_DEPLOYMENT_TARGET = 10.2;
				MTL_ENABLE_DEBUG_INFO = NO;
				SDKROOT = iphoneos;
				SWIFT_OPTIMIZATION_LEVEL = "-Owholemodule";
				TARGETED_DEVICE_FAMILY = "1,2";
				VALIDATE_PRODUCT = YES;
			};
			name = Release;
		};
		37BA702B1E36E6070093EAE5 /* Debug */ = {
			isa = XCBuildConfiguration;
			baseConfigurationReference = 61A49348F6339EFD26163BCA /* Pods-Ironc.ly.debug.xcconfig */;
			buildSettings = {
				ALWAYS_EMBED_SWIFT_STANDARD_LIBRARIES = YES;
				ASSETCATALOG_COMPILER_APPICON_NAME = AppIcon;
				DEVELOPMENT_TEAM = R74782WUZX;
				INFOPLIST_FILE = Ironc.ly/Info.plist;
				IPHONEOS_DEPLOYMENT_TARGET = 9.0;
				LD_RUNPATH_SEARCH_PATHS = "$(inherited) @executable_path/Frameworks";
				PRODUCT_BUNDLE_IDENTIFIER = com.tipitinc;
				PRODUCT_NAME = "$(TARGET_NAME)";
				SWIFT_VERSION = 3.0;
			};
			name = Debug;
		};
		37BA702C1E36E6070093EAE5 /* Release */ = {
			isa = XCBuildConfiguration;
			baseConfigurationReference = 2D9390AE0C7C973632987C98 /* Pods-Ironc.ly.release.xcconfig */;
			buildSettings = {
				ALWAYS_EMBED_SWIFT_STANDARD_LIBRARIES = YES;
				ASSETCATALOG_COMPILER_APPICON_NAME = AppIcon;
				DEVELOPMENT_TEAM = R74782WUZX;
				INFOPLIST_FILE = Ironc.ly/Info.plist;
				IPHONEOS_DEPLOYMENT_TARGET = 9.0;
				LD_RUNPATH_SEARCH_PATHS = "$(inherited) @executable_path/Frameworks";
				PRODUCT_BUNDLE_IDENTIFIER = com.tipitinc;
				PRODUCT_NAME = "$(TARGET_NAME)";
				SWIFT_VERSION = 3.0;
			};
			name = Release;
		};
/* End XCBuildConfiguration section */

/* Begin XCConfigurationList section */
		37BA70131E36E6070093EAE5 /* Build configuration list for PBXProject "Ironc.ly" */ = {
			isa = XCConfigurationList;
			buildConfigurations = (
				37BA70281E36E6070093EAE5 /* Debug */,
				37BA70291E36E6070093EAE5 /* Release */,
			);
			defaultConfigurationIsVisible = 0;
			defaultConfigurationName = Release;
		};
		37BA702A1E36E6070093EAE5 /* Build configuration list for PBXNativeTarget "Ironc.ly" */ = {
			isa = XCConfigurationList;
			buildConfigurations = (
				37BA702B1E36E6070093EAE5 /* Debug */,
				37BA702C1E36E6070093EAE5 /* Release */,
			);
			defaultConfigurationIsVisible = 0;
			defaultConfigurationName = Release;
		};
/* End XCConfigurationList section */
	};
	rootObject = 37BA70101E36E6070093EAE5 /* Project object */;
}
