// !$*UTF8*$!
{
	archiveVersion = 1;
	classes = {
	};
	objectVersion = 46;
	objects = {

/* Begin PBXBuildFile section */
		370E36661E43B22900F8FF9E /* IROPost.swift in Sources */ = {isa = PBXBuildFile; fileRef = 370E36651E43B22900F8FF9E /* IROPost.swift */; };
		370E36681E43B24500F8FF9E /* IROUser.swift in Sources */ = {isa = PBXBuildFile; fileRef = 370E36671E43B24400F8FF9E /* IROUser.swift */; };
		370E366A1E43BBC600F8FF9E /* IROStory.swift in Sources */ = {isa = PBXBuildFile; fileRef = 370E36691E43BBC600F8FF9E /* IROStory.swift */; };
		370E366C1E43BCEF00F8FF9E /* IROStoryViewController.swift in Sources */ = {isa = PBXBuildFile; fileRef = 370E366B1E43BCEF00F8FF9E /* IROStoryViewController.swift */; };
		370E366E1E43BE3600F8FF9E /* IROPostViewController.swift in Sources */ = {isa = PBXBuildFile; fileRef = 370E366D1E43BE3600F8FF9E /* IROPostViewController.swift */; };
		3715BFD51E9C74F300C29D9E /* IROForgotPasswordViewController.swift in Sources */ = {isa = PBXBuildFile; fileRef = 3715BFD41E9C74F300C29D9E /* IROForgotPasswordViewController.swift */; };
		3715BFD91E9D1C7B00C29D9E /* IROButton.swift in Sources */ = {isa = PBXBuildFile; fileRef = 3715BFD81E9D1C7B00C29D9E /* IROButton.swift */; };
		3715BFDB1E9D1F0600C29D9E /* IROTextField.swift in Sources */ = {isa = PBXBuildFile; fileRef = 3715BFDA1E9D1F0600C29D9E /* IROTextField.swift */; };
		3715BFDE1E9D301200C29D9E /* UIViewController+Alert.swift in Sources */ = {isa = PBXBuildFile; fileRef = 3715BFDD1E9D301200C29D9E /* UIViewController+Alert.swift */; };
		3717AD251E395A75005EE969 /* IROSearchViewController.swift in Sources */ = {isa = PBXBuildFile; fileRef = 3717AD241E395A75005EE969 /* IROSearchViewController.swift */; };
		37417DDA1E85B96D00E1AF62 /* IRORegisterViewController.swift in Sources */ = {isa = PBXBuildFile; fileRef = 37417DD91E85B96D00E1AF62 /* IRORegisterViewController.swift */; };
		37417E001E8EB0B700E1AF62 /* IROLoginViewController.swift in Sources */ = {isa = PBXBuildFile; fileRef = 37417DFF1E8EB0B700E1AF62 /* IROLoginViewController.swift */; };
		37417E021E8EB16C00E1AF62 /* CALayer+TextField.swift in Sources */ = {isa = PBXBuildFile; fileRef = 37417E011E8EB16C00E1AF62 /* CALayer+TextField.swift */; };
		37417E041E8EB6A200E1AF62 /* IROValidator.swift in Sources */ = {isa = PBXBuildFile; fileRef = 37417E031E8EB6A200E1AF62 /* IROValidator.swift */; };
		3762A5381E96B879007FDD51 /* IROAPIClient.swift in Sources */ = {isa = PBXBuildFile; fileRef = 3762A5371E96B879007FDD51 /* IROAPIClient.swift */; };
		3762A53A1E96C1F4007FDD51 /* IROMediaItem.swift in Sources */ = {isa = PBXBuildFile; fileRef = 3762A5391E96C1F4007FDD51 /* IROMediaItem.swift */; };
		37875D971E54B6CE00C86290 /* IROPreviewViewController.swift in Sources */ = {isa = PBXBuildFile; fileRef = 37875D961E54B6CE00C86290 /* IROPreviewViewController.swift */; };
		37875D9A1E54BB7300C86290 /* IROConstants.swift in Sources */ = {isa = PBXBuildFile; fileRef = 37875D991E54BB7300C86290 /* IROConstants.swift */; };
		37875DA01E54C2E500C86290 /* PreviewView.swift in Sources */ = {isa = PBXBuildFile; fileRef = 37875D9C1E54C2E500C86290 /* PreviewView.swift */; };
		37875DA11E54C2E500C86290 /* SwiftyCamButton.swift in Sources */ = {isa = PBXBuildFile; fileRef = 37875D9D1E54C2E500C86290 /* SwiftyCamButton.swift */; };
		37875DA21E54C2E500C86290 /* SwiftyCamViewController.swift in Sources */ = {isa = PBXBuildFile; fileRef = 37875D9E1E54C2E500C86290 /* SwiftyCamViewController.swift */; };
		37875DA31E54C2E500C86290 /* SwiftyCamViewControllerDelegate.swift in Sources */ = {isa = PBXBuildFile; fileRef = 37875D9F1E54C2E500C86290 /* SwiftyCamViewControllerDelegate.swift */; };
		37875DA51E54C3A700C86290 /* IROCamViewController.swift in Sources */ = {isa = PBXBuildFile; fileRef = 37875DA41E54C3A700C86290 /* IROCamViewController.swift */; };
		37875DA91E54C41900C86290 /* SwiftyRecordButton.swift in Sources */ = {isa = PBXBuildFile; fileRef = 37875DA61E54C41900C86290 /* SwiftyRecordButton.swift */; };
		37875DAA1E54C41900C86290 /* VideoViewController.swift in Sources */ = {isa = PBXBuildFile; fileRef = 37875DA71E54C41900C86290 /* VideoViewController.swift */; };
		37875DAB1E54C41900C86290 /* PhotoViewController.swift in Sources */ = {isa = PBXBuildFile; fileRef = 37875DA81E54C41900C86290 /* PhotoViewController.swift */; };
		37BA701C1E36E6070093EAE5 /* AppDelegate.swift in Sources */ = {isa = PBXBuildFile; fileRef = 37BA701B1E36E6070093EAE5 /* AppDelegate.swift */; };
		37BA70231E36E6070093EAE5 /* Assets.xcassets in Resources */ = {isa = PBXBuildFile; fileRef = 37BA70221E36E6070093EAE5 /* Assets.xcassets */; };
		37BA70261E36E6070093EAE5 /* LaunchScreen.storyboard in Resources */ = {isa = PBXBuildFile; fileRef = 37BA70241E36E6070093EAE5 /* LaunchScreen.storyboard */; };
		37BA70321E36E9870093EAE5 /* IROTabBarController.swift in Sources */ = {isa = PBXBuildFile; fileRef = 37BA70311E36E9870093EAE5 /* IROTabBarController.swift */; };
		37BA70341E36F2AE0093EAE5 /* IROFeedViewController.swift in Sources */ = {isa = PBXBuildFile; fileRef = 37BA70331E36F2AE0093EAE5 /* IROFeedViewController.swift */; };
		37BA70371E36F3C50093EAE5 /* IROFeedCollectionViewCell.swift in Sources */ = {isa = PBXBuildFile; fileRef = 37BA70361E36F3C50093EAE5 /* IROFeedCollectionViewCell.swift */; };
		37BA703B1E36F61F0093EAE5 /* IROMessagesViewController.swift in Sources */ = {isa = PBXBuildFile; fileRef = 37BA703A1E36F61F0093EAE5 /* IROMessagesViewController.swift */; };
		37BA703D1E36F6330093EAE5 /* IROProfileViewController.swift in Sources */ = {isa = PBXBuildFile; fileRef = 37BA703C1E36F6330093EAE5 /* IROProfileViewController.swift */; };
		37BA703F1E36F6560093EAE5 /* IROPlaceholderViewController.swift in Sources */ = {isa = PBXBuildFile; fileRef = 37BA703E1E36F6560093EAE5 /* IROPlaceholderViewController.swift */; };
		37D8D50B1E7C5BA2008EEF11 /* IROSearchCollectionViewCell.swift in Sources */ = {isa = PBXBuildFile; fileRef = 37D8D50A1E7C5BA2008EEF11 /* IROSearchCollectionViewCell.swift */; };
		DA72DF1118F5082A15C3EEA9 /* Pods_Ironc_ly.framework in Frameworks */ = {isa = PBXBuildFile; fileRef = E54470B742B7828ED5B2D012 /* Pods_Ironc_ly.framework */; };
/* End PBXBuildFile section */

/* Begin PBXFileReference section */
		2D9390AE0C7C973632987C98 /* Pods-Ironc.ly.release.xcconfig */ = {isa = PBXFileReference; includeInIndex = 1; lastKnownFileType = text.xcconfig; name = "Pods-Ironc.ly.release.xcconfig"; path = "Pods/Target Support Files/Pods-Ironc.ly/Pods-Ironc.ly.release.xcconfig"; sourceTree = "<group>"; };
		370E36651E43B22900F8FF9E /* IROPost.swift */ = {isa = PBXFileReference; fileEncoding = 4; lastKnownFileType = sourcecode.swift; name = IROPost.swift; path = Models/IROPost.swift; sourceTree = "<group>"; };
		370E36671E43B24400F8FF9E /* IROUser.swift */ = {isa = PBXFileReference; fileEncoding = 4; lastKnownFileType = sourcecode.swift; name = IROUser.swift; path = Models/IROUser.swift; sourceTree = "<group>"; };
		370E36691E43BBC600F8FF9E /* IROStory.swift */ = {isa = PBXFileReference; fileEncoding = 4; lastKnownFileType = sourcecode.swift; path = IROStory.swift; sourceTree = "<group>"; };
		370E366B1E43BCEF00F8FF9E /* IROStoryViewController.swift */ = {isa = PBXFileReference; fileEncoding = 4; lastKnownFileType = sourcecode.swift; name = IROStoryViewController.swift; path = Controllers/IROStoryViewController.swift; sourceTree = "<group>"; };
		370E366D1E43BE3600F8FF9E /* IROPostViewController.swift */ = {isa = PBXFileReference; fileEncoding = 4; lastKnownFileType = sourcecode.swift; name = IROPostViewController.swift; path = Controllers/IROPostViewController.swift; sourceTree = "<group>"; };
		3715BFD41E9C74F300C29D9E /* IROForgotPasswordViewController.swift */ = {isa = PBXFileReference; fileEncoding = 4; lastKnownFileType = sourcecode.swift; name = IROForgotPasswordViewController.swift; path = Controllers/IROForgotPasswordViewController.swift; sourceTree = "<group>"; };
		3715BFD81E9D1C7B00C29D9E /* IROButton.swift */ = {isa = PBXFileReference; fileEncoding = 4; lastKnownFileType = sourcecode.swift; name = IROButton.swift; path = Controls/IROButton.swift; sourceTree = "<group>"; };
		3715BFDA1E9D1F0600C29D9E /* IROTextField.swift */ = {isa = PBXFileReference; fileEncoding = 4; lastKnownFileType = sourcecode.swift; name = IROTextField.swift; path = Controls/IROTextField.swift; sourceTree = "<group>"; };
		3715BFDD1E9D301200C29D9E /* UIViewController+Alert.swift */ = {isa = PBXFileReference; fileEncoding = 4; lastKnownFileType = sourcecode.swift; path = "UIViewController+Alert.swift"; sourceTree = "<group>"; };
		3717AD241E395A75005EE969 /* IROSearchViewController.swift */ = {isa = PBXFileReference; fileEncoding = 4; lastKnownFileType = sourcecode.swift; name = IROSearchViewController.swift; path = Controllers/IROSearchViewController.swift; sourceTree = "<group>"; };
		37417DD91E85B96D00E1AF62 /* IRORegisterViewController.swift */ = {isa = PBXFileReference; fileEncoding = 4; lastKnownFileType = sourcecode.swift; name = IRORegisterViewController.swift; path = Controllers/IRORegisterViewController.swift; sourceTree = "<group>"; };
		37417DFF1E8EB0B700E1AF62 /* IROLoginViewController.swift */ = {isa = PBXFileReference; fileEncoding = 4; lastKnownFileType = sourcecode.swift; name = IROLoginViewController.swift; path = Controllers/IROLoginViewController.swift; sourceTree = "<group>"; };
		37417E011E8EB16C00E1AF62 /* CALayer+TextField.swift */ = {isa = PBXFileReference; fileEncoding = 4; lastKnownFileType = sourcecode.swift; path = "CALayer+TextField.swift"; sourceTree = "<group>"; };
		37417E031E8EB6A200E1AF62 /* IROValidator.swift */ = {isa = PBXFileReference; fileEncoding = 4; lastKnownFileType = sourcecode.swift; name = IROValidator.swift; path = Models/IROValidator.swift; sourceTree = "<group>"; };
		3762A5371E96B879007FDD51 /* IROAPIClient.swift */ = {isa = PBXFileReference; fileEncoding = 4; lastKnownFileType = sourcecode.swift; name = IROAPIClient.swift; path = API/IROAPIClient.swift; sourceTree = "<group>"; };
		3762A5391E96C1F4007FDD51 /* IROMediaItem.swift */ = {isa = PBXFileReference; fileEncoding = 4; lastKnownFileType = sourcecode.swift; name = IROMediaItem.swift; path = Models/IROMediaItem.swift; sourceTree = "<group>"; };
		37875D961E54B6CE00C86290 /* IROPreviewViewController.swift */ = {isa = PBXFileReference; fileEncoding = 4; lastKnownFileType = sourcecode.swift; name = IROPreviewViewController.swift; path = Controllers/IROPreviewViewController.swift; sourceTree = "<group>"; };
		37875D991E54BB7300C86290 /* IROConstants.swift */ = {isa = PBXFileReference; fileEncoding = 4; lastKnownFileType = sourcecode.swift; name = IROConstants.swift; path = Config/IROConstants.swift; sourceTree = "<group>"; };
		37875D9C1E54C2E500C86290 /* PreviewView.swift */ = {isa = PBXFileReference; fileEncoding = 4; lastKnownFileType = sourcecode.swift; path = PreviewView.swift; sourceTree = "<group>"; };
		37875D9D1E54C2E500C86290 /* SwiftyCamButton.swift */ = {isa = PBXFileReference; fileEncoding = 4; lastKnownFileType = sourcecode.swift; path = SwiftyCamButton.swift; sourceTree = "<group>"; };
		37875D9E1E54C2E500C86290 /* SwiftyCamViewController.swift */ = {isa = PBXFileReference; fileEncoding = 4; lastKnownFileType = sourcecode.swift; path = SwiftyCamViewController.swift; sourceTree = "<group>"; };
		37875D9F1E54C2E500C86290 /* SwiftyCamViewControllerDelegate.swift */ = {isa = PBXFileReference; fileEncoding = 4; lastKnownFileType = sourcecode.swift; path = SwiftyCamViewControllerDelegate.swift; sourceTree = "<group>"; };
		37875DA41E54C3A700C86290 /* IROCamViewController.swift */ = {isa = PBXFileReference; fileEncoding = 4; lastKnownFileType = sourcecode.swift; name = IROCamViewController.swift; path = Controllers/IROCamViewController.swift; sourceTree = "<group>"; };
		37875DA61E54C41900C86290 /* SwiftyRecordButton.swift */ = {isa = PBXFileReference; fileEncoding = 4; lastKnownFileType = sourcecode.swift; path = SwiftyRecordButton.swift; sourceTree = "<group>"; };
		37875DA71E54C41900C86290 /* VideoViewController.swift */ = {isa = PBXFileReference; fileEncoding = 4; lastKnownFileType = sourcecode.swift; path = VideoViewController.swift; sourceTree = "<group>"; };
		37875DA81E54C41900C86290 /* PhotoViewController.swift */ = {isa = PBXFileReference; fileEncoding = 4; lastKnownFileType = sourcecode.swift; path = PhotoViewController.swift; sourceTree = "<group>"; };
		37BA70181E36E6070093EAE5 /* Ironc.ly.app */ = {isa = PBXFileReference; explicitFileType = wrapper.application; includeInIndex = 0; path = Ironc.ly.app; sourceTree = BUILT_PRODUCTS_DIR; };
		37BA701B1E36E6070093EAE5 /* AppDelegate.swift */ = {isa = PBXFileReference; lastKnownFileType = sourcecode.swift; path = AppDelegate.swift; sourceTree = "<group>"; };
		37BA70221E36E6070093EAE5 /* Assets.xcassets */ = {isa = PBXFileReference; lastKnownFileType = folder.assetcatalog; path = Assets.xcassets; sourceTree = "<group>"; };
		37BA70251E36E6070093EAE5 /* Base */ = {isa = PBXFileReference; lastKnownFileType = file.storyboard; name = Base; path = Base.lproj/LaunchScreen.storyboard; sourceTree = "<group>"; };
		37BA70271E36E6070093EAE5 /* Info.plist */ = {isa = PBXFileReference; lastKnownFileType = text.plist.xml; path = Info.plist; sourceTree = "<group>"; };
		37BA70311E36E9870093EAE5 /* IROTabBarController.swift */ = {isa = PBXFileReference; fileEncoding = 4; lastKnownFileType = sourcecode.swift; name = IROTabBarController.swift; path = Controllers/IROTabBarController.swift; sourceTree = "<group>"; };
		37BA70331E36F2AE0093EAE5 /* IROFeedViewController.swift */ = {isa = PBXFileReference; fileEncoding = 4; lastKnownFileType = sourcecode.swift; name = IROFeedViewController.swift; path = Controllers/IROFeedViewController.swift; sourceTree = "<group>"; };
		37BA70361E36F3C50093EAE5 /* IROFeedCollectionViewCell.swift */ = {isa = PBXFileReference; fileEncoding = 4; lastKnownFileType = sourcecode.swift; name = IROFeedCollectionViewCell.swift; path = Cells/IROFeedCollectionViewCell.swift; sourceTree = "<group>"; };
		37BA703A1E36F61F0093EAE5 /* IROMessagesViewController.swift */ = {isa = PBXFileReference; fileEncoding = 4; lastKnownFileType = sourcecode.swift; name = IROMessagesViewController.swift; path = Controllers/IROMessagesViewController.swift; sourceTree = "<group>"; };
		37BA703C1E36F6330093EAE5 /* IROProfileViewController.swift */ = {isa = PBXFileReference; fileEncoding = 4; lastKnownFileType = sourcecode.swift; name = IROProfileViewController.swift; path = Controllers/IROProfileViewController.swift; sourceTree = "<group>"; };
		37BA703E1E36F6560093EAE5 /* IROPlaceholderViewController.swift */ = {isa = PBXFileReference; fileEncoding = 4; lastKnownFileType = sourcecode.swift; name = IROPlaceholderViewController.swift; path = Controllers/IROPlaceholderViewController.swift; sourceTree = "<group>"; };
		37D8D50A1E7C5BA2008EEF11 /* IROSearchCollectionViewCell.swift */ = {isa = PBXFileReference; fileEncoding = 4; lastKnownFileType = sourcecode.swift; name = IROSearchCollectionViewCell.swift; path = Cells/IROSearchCollectionViewCell.swift; sourceTree = "<group>"; };
		61A49348F6339EFD26163BCA /* Pods-Ironc.ly.debug.xcconfig */ = {isa = PBXFileReference; includeInIndex = 1; lastKnownFileType = text.xcconfig; name = "Pods-Ironc.ly.debug.xcconfig"; path = "Pods/Target Support Files/Pods-Ironc.ly/Pods-Ironc.ly.debug.xcconfig"; sourceTree = "<group>"; };
		E54470B742B7828ED5B2D012 /* Pods_Ironc_ly.framework */ = {isa = PBXFileReference; explicitFileType = wrapper.framework; includeInIndex = 0; path = Pods_Ironc_ly.framework; sourceTree = BUILT_PRODUCTS_DIR; };
/* End PBXFileReference section */

/* Begin PBXFrameworksBuildPhase section */
		37BA70151E36E6070093EAE5 /* Frameworks */ = {
			isa = PBXFrameworksBuildPhase;
			buildActionMask = 2147483647;
			files = (
				DA72DF1118F5082A15C3EEA9 /* Pods_Ironc_ly.framework in Frameworks */,
			);
			runOnlyForDeploymentPostprocessing = 0;
		};
/* End PBXFrameworksBuildPhase section */

/* Begin PBXGroup section */
		270C6098F805173B72EF8442 /* Pods */ = {
			isa = PBXGroup;
			children = (
				61A49348F6339EFD26163BCA /* Pods-Ironc.ly.debug.xcconfig */,
				2D9390AE0C7C973632987C98 /* Pods-Ironc.ly.release.xcconfig */,
			);
			name = Pods;
			sourceTree = "<group>";
		};
		370E36641E43B21100F8FF9E /* Models */ = {
			isa = PBXGroup;
			children = (
				370E36651E43B22900F8FF9E /* IROPost.swift */,
				370E36671E43B24400F8FF9E /* IROUser.swift */,
				370E36691E43BBC600F8FF9E /* IROStory.swift */,
				37417E011E8EB16C00E1AF62 /* CALayer+TextField.swift */,
				37417E031E8EB6A200E1AF62 /* IROValidator.swift */,
				3762A5391E96C1F4007FDD51 /* IROMediaItem.swift */,
			);
			name = Models;
			sourceTree = "<group>";
		};
		3715BFD61E9D1C4800C29D9E /* UI */ = {
			isa = PBXGroup;
			children = (
				3715BFD71E9D1C4D00C29D9E /* Controls */,
			);
			name = UI;
			sourceTree = "<group>";
		};
		3715BFD71E9D1C4D00C29D9E /* Controls */ = {
			isa = PBXGroup;
			children = (
				3715BFD81E9D1C7B00C29D9E /* IROButton.swift */,
				3715BFDA1E9D1F0600C29D9E /* IROTextField.swift */,
			);
			name = Controls;
			sourceTree = "<group>";
		};
		3715BFDC1E9D300300C29D9E /* Extensions */ = {
			isa = PBXGroup;
			children = (
				3715BFDD1E9D301200C29D9E /* UIViewController+Alert.swift */,
			);
			name = Extensions;
			sourceTree = "<group>";
		};
		373238DF1E4E29A800E787C9 /* Views */ = {
			isa = PBXGroup;
			children = (
			);
			name = Views;
			sourceTree = "<group>";
		};
		373238E01E4E2A1200E787C9 /* Protocols */ = {
			isa = PBXGroup;
			children = (
			);
			name = Protocols;
			sourceTree = "<group>";
		};
		3762A5361E96B863007FDD51 /* API */ = {
			isa = PBXGroup;
			children = (
				3762A5371E96B879007FDD51 /* IROAPIClient.swift */,
			);
			name = API;
			sourceTree = "<group>";
		};
		37875D981E54BB5D00C86290 /* Config */ = {
			isa = PBXGroup;
			children = (
				37875D991E54BB7300C86290 /* IROConstants.swift */,
			);
			name = Config;
			sourceTree = "<group>";
		};
		37875D9B1E54C2D600C86290 /* SwiftyCam */ = {
			isa = PBXGroup;
			children = (
				37875D9C1E54C2E500C86290 /* PreviewView.swift */,
				37875D9D1E54C2E500C86290 /* SwiftyCamButton.swift */,
				37875D9E1E54C2E500C86290 /* SwiftyCamViewController.swift */,
				37875D9F1E54C2E500C86290 /* SwiftyCamViewControllerDelegate.swift */,
				37875DA61E54C41900C86290 /* SwiftyRecordButton.swift */,
				37875DA71E54C41900C86290 /* VideoViewController.swift */,
				37875DA81E54C41900C86290 /* PhotoViewController.swift */,
			);
			name = SwiftyCam;
			sourceTree = "<group>";
		};
		37BA700F1E36E6070093EAE5 = {
			isa = PBXGroup;
			children = (
				37BA701A1E36E6070093EAE5 /* Ironc.ly */,
				37BA70191E36E6070093EAE5 /* Products */,
				270C6098F805173B72EF8442 /* Pods */,
				D8650C89371D34FFD109B1DB /* Frameworks */,
			);
			sourceTree = "<group>";
		};
		37BA70191E36E6070093EAE5 /* Products */ = {
			isa = PBXGroup;
			children = (
				37BA70181E36E6070093EAE5 /* Ironc.ly.app */,
			);
			name = Products;
			sourceTree = "<group>";
		};
		37BA701A1E36E6070093EAE5 /* Ironc.ly */ = {
			isa = PBXGroup;
			children = (
				3715BFDC1E9D300300C29D9E /* Extensions */,
				3715BFD61E9D1C4800C29D9E /* UI */,
				3762A5361E96B863007FDD51 /* API */,
				37875D9B1E54C2D600C86290 /* SwiftyCam */,
				37875D981E54BB5D00C86290 /* Config */,
				373238E01E4E2A1200E787C9 /* Protocols */,
				37BA70351E36F3AF0093EAE5 /* Cells */,
				37BA702E1E36E8EF0093EAE5 /* Controllers */,
				370E36641E43B21100F8FF9E /* Models */,
				37BA702D1E36E86A0093EAE5 /* Supporting Files */,
				373238DF1E4E29A800E787C9 /* Views */,
			);
			path = Ironc.ly;
			sourceTree = "<group>";
		};
		37BA702D1E36E86A0093EAE5 /* Supporting Files */ = {
			isa = PBXGroup;
			children = (
				37BA701B1E36E6070093EAE5 /* AppDelegate.swift */,
				37BA70221E36E6070093EAE5 /* Assets.xcassets */,
				37BA70241E36E6070093EAE5 /* LaunchScreen.storyboard */,
				37BA70271E36E6070093EAE5 /* Info.plist */,
			);
			name = "Supporting Files";
			sourceTree = "<group>";
		};
		37BA702E1E36E8EF0093EAE5 /* Controllers */ = {
			isa = PBXGroup;
			children = (
				37875DA41E54C3A700C86290 /* IROCamViewController.swift */,
				37BA70331E36F2AE0093EAE5 /* IROFeedViewController.swift */,
				37BA703A1E36F61F0093EAE5 /* IROMessagesViewController.swift */,
				37BA703E1E36F6560093EAE5 /* IROPlaceholderViewController.swift */,
				370E366D1E43BE3600F8FF9E /* IROPostViewController.swift */,
				37875D961E54B6CE00C86290 /* IROPreviewViewController.swift */,
				37BA703C1E36F6330093EAE5 /* IROProfileViewController.swift */,
				3717AD241E395A75005EE969 /* IROSearchViewController.swift */,
				370E366B1E43BCEF00F8FF9E /* IROStoryViewController.swift */,
				37BA70311E36E9870093EAE5 /* IROTabBarController.swift */,
				37417DD91E85B96D00E1AF62 /* IRORegisterViewController.swift */,
				37417DFF1E8EB0B700E1AF62 /* IROLoginViewController.swift */,
				3715BFD41E9C74F300C29D9E /* IROForgotPasswordViewController.swift */,
			);
			name = Controllers;
			sourceTree = "<group>";
		};
		37BA70351E36F3AF0093EAE5 /* Cells */ = {
			isa = PBXGroup;
			children = (
				37BA70361E36F3C50093EAE5 /* IROFeedCollectionViewCell.swift */,
				37D8D50A1E7C5BA2008EEF11 /* IROSearchCollectionViewCell.swift */,
			);
			name = Cells;
			sourceTree = "<group>";
		};
		D8650C89371D34FFD109B1DB /* Frameworks */ = {
			isa = PBXGroup;
			children = (
				E54470B742B7828ED5B2D012 /* Pods_Ironc_ly.framework */,
			);
			name = Frameworks;
			sourceTree = "<group>";
		};
/* End PBXGroup section */

/* Begin PBXNativeTarget section */
		37BA70171E36E6070093EAE5 /* Ironc.ly */ = {
			isa = PBXNativeTarget;
			buildConfigurationList = 37BA702A1E36E6070093EAE5 /* Build configuration list for PBXNativeTarget "Ironc.ly" */;
			buildPhases = (
				1AFDE1CE8B2C1AF3310E65B6 /* [CP] Check Pods Manifest.lock */,
				37BA70141E36E6070093EAE5 /* Sources */,
				37BA70151E36E6070093EAE5 /* Frameworks */,
				37BA70161E36E6070093EAE5 /* Resources */,
				D957A6E141BB0EADFF5357C5 /* [CP] Embed Pods Frameworks */,
				95E8F94A39987C284E9983EE /* [CP] Copy Pods Resources */,
			);
			buildRules = (
			);
			dependencies = (
			);
			name = Ironc.ly;
			productName = Ironc.ly;
			productReference = 37BA70181E36E6070093EAE5 /* Ironc.ly.app */;
			productType = "com.apple.product-type.application";
		};
/* End PBXNativeTarget section */

/* Begin PBXProject section */
		37BA70101E36E6070093EAE5 /* Project object */ = {
			isa = PBXProject;
			attributes = {
				LastSwiftUpdateCheck = 0820;
				LastUpgradeCheck = 0820;
				ORGANIZATIONNAME = "Richard McAteer";
				TargetAttributes = {
					37BA70171E36E6070093EAE5 = {
						CreatedOnToolsVersion = 8.2;
						DevelopmentTeam = DLHM52DNV8;
						ProvisioningStyle = Automatic;
					};
				};
			};
			buildConfigurationList = 37BA70131E36E6070093EAE5 /* Build configuration list for PBXProject "Ironc.ly" */;
			compatibilityVersion = "Xcode 3.2";
			developmentRegion = English;
			hasScannedForEncodings = 0;
			knownRegions = (
				en,
				Base,
			);
			mainGroup = 37BA700F1E36E6070093EAE5;
			productRefGroup = 37BA70191E36E6070093EAE5 /* Products */;
			projectDirPath = "";
			projectRoot = "";
			targets = (
				37BA70171E36E6070093EAE5 /* Ironc.ly */,
			);
		};
/* End PBXProject section */

/* Begin PBXResourcesBuildPhase section */
		37BA70161E36E6070093EAE5 /* Resources */ = {
			isa = PBXResourcesBuildPhase;
			buildActionMask = 2147483647;
			files = (
				37BA70261E36E6070093EAE5 /* LaunchScreen.storyboard in Resources */,
				37BA70231E36E6070093EAE5 /* Assets.xcassets in Resources */,
			);
			runOnlyForDeploymentPostprocessing = 0;
		};
/* End PBXResourcesBuildPhase section */

/* Begin PBXShellScriptBuildPhase section */
		1AFDE1CE8B2C1AF3310E65B6 /* [CP] Check Pods Manifest.lock */ = {
			isa = PBXShellScriptBuildPhase;
			buildActionMask = 2147483647;
			files = (
			);
			inputPaths = (
			);
			name = "[CP] Check Pods Manifest.lock";
			outputPaths = (
			);
			runOnlyForDeploymentPostprocessing = 0;
			shellPath = /bin/sh;
			shellScript = "diff \"${PODS_ROOT}/../Podfile.lock\" \"${PODS_ROOT}/Manifest.lock\" > /dev/null\nif [[ $? != 0 ]] ; then\n    cat << EOM\nerror: The sandbox is not in sync with the Podfile.lock. Run 'pod install' or update your CocoaPods installation.\nEOM\n    exit 1\nfi\n";
			showEnvVarsInLog = 0;
		};
		95E8F94A39987C284E9983EE /* [CP] Copy Pods Resources */ = {
			isa = PBXShellScriptBuildPhase;
			buildActionMask = 2147483647;
			files = (
			);
			inputPaths = (
			);
			name = "[CP] Copy Pods Resources";
			outputPaths = (
			);
			runOnlyForDeploymentPostprocessing = 0;
			shellPath = /bin/sh;
			shellScript = "\"${SRCROOT}/Pods/Target Support Files/Pods-Ironc.ly/Pods-Ironc.ly-resources.sh\"\n";
			showEnvVarsInLog = 0;
		};
		D957A6E141BB0EADFF5357C5 /* [CP] Embed Pods Frameworks */ = {
			isa = PBXShellScriptBuildPhase;
			buildActionMask = 2147483647;
			files = (
			);
			inputPaths = (
			);
			name = "[CP] Embed Pods Frameworks";
			outputPaths = (
			);
			runOnlyForDeploymentPostprocessing = 0;
			shellPath = /bin/sh;
			shellScript = "\"${SRCROOT}/Pods/Target Support Files/Pods-Ironc.ly/Pods-Ironc.ly-frameworks.sh\"\n";
			showEnvVarsInLog = 0;
		};
/* End PBXShellScriptBuildPhase section */

/* Begin PBXSourcesBuildPhase section */
		37BA70141E36E6070093EAE5 /* Sources */ = {
			isa = PBXSourcesBuildPhase;
			buildActionMask = 2147483647;
			files = (
				37BA70321E36E9870093EAE5 /* IROTabBarController.swift in Sources */,
				37D8D50B1E7C5BA2008EEF11 /* IROSearchCollectionViewCell.swift in Sources */,
				3715BFDB1E9D1F0600C29D9E /* IROTextField.swift in Sources */,
				3715BFDE1E9D301200C29D9E /* UIViewController+Alert.swift in Sources */,
				37875DA51E54C3A700C86290 /* IROCamViewController.swift in Sources */,
				37875DA21E54C2E500C86290 /* SwiftyCamViewController.swift in Sources */,
				37875DA11E54C2E500C86290 /* SwiftyCamButton.swift in Sources */,
				37417DDA1E85B96D00E1AF62 /* IRORegisterViewController.swift in Sources */,
				3762A53A1E96C1F4007FDD51 /* IROMediaItem.swift in Sources */,
				370E36661E43B22900F8FF9E /* IROPost.swift in Sources */,
				37417E021E8EB16C00E1AF62 /* CALayer+TextField.swift in Sources */,
				37875DAB1E54C41900C86290 /* PhotoViewController.swift in Sources */,
				370E366E1E43BE3600F8FF9E /* IROPostViewController.swift in Sources */,
				3717AD251E395A75005EE969 /* IROSearchViewController.swift in Sources */,
				370E366A1E43BBC600F8FF9E /* IROStory.swift in Sources */,
				3715BFD51E9C74F300C29D9E /* IROForgotPasswordViewController.swift in Sources */,
				37BA701C1E36E6070093EAE5 /* AppDelegate.swift in Sources */,
				37417E041E8EB6A200E1AF62 /* IROValidator.swift in Sources */,
				3715BFD91E9D1C7B00C29D9E /* IROButton.swift in Sources */,
				37875D971E54B6CE00C86290 /* IROPreviewViewController.swift in Sources */,
				37417E001E8EB0B700E1AF62 /* IROLoginViewController.swift in Sources */,
				370E366C1E43BCEF00F8FF9E /* IROStoryViewController.swift in Sources */,
				37BA703B1E36F61F0093EAE5 /* IROMessagesViewController.swift in Sources */,
				37875DA01E54C2E500C86290 /* PreviewView.swift in Sources */,
				37BA703D1E36F6330093EAE5 /* IROProfileViewController.swift in Sources */,
				37BA703F1E36F6560093EAE5 /* IROPlaceholderViewController.swift in Sources */,
				37BA70341E36F2AE0093EAE5 /* IROFeedViewController.swift in Sources */,
				37BA70371E36F3C50093EAE5 /* IROFeedCollectionViewCell.swift in Sources */,
				37875DAA1E54C41900C86290 /* VideoViewController.swift in Sources */,
				37875D9A1E54BB7300C86290 /* IROConstants.swift in Sources */,
				37875DA31E54C2E500C86290 /* SwiftyCamViewControllerDelegate.swift in Sources */,
				37875DA91E54C41900C86290 /* SwiftyRecordButton.swift in Sources */,
				3762A5381E96B879007FDD51 /* IROAPIClient.swift in Sources */,
				370E36681E43B24500F8FF9E /* IROUser.swift in Sources */,
			);
			runOnlyForDeploymentPostprocessing = 0;
		};
/* End PBXSourcesBuildPhase section */

/* Begin PBXVariantGroup section */
		37BA70241E36E6070093EAE5 /* LaunchScreen.storyboard */ = {
			isa = PBXVariantGroup;
			children = (
				37BA70251E36E6070093EAE5 /* Base */,
			);
			name = LaunchScreen.storyboard;
			sourceTree = "<group>";
		};
/* End PBXVariantGroup section */

/* Begin XCBuildConfiguration section */
		37BA70281E36E6070093EAE5 /* Debug */ = {
			isa = XCBuildConfiguration;
			buildSettings = {
				ALWAYS_SEARCH_USER_PATHS = NO;
				CLANG_ANALYZER_NONNULL = YES;
				CLANG_CXX_LANGUAGE_STANDARD = "gnu++0x";
				CLANG_CXX_LIBRARY = "libc++";
				CLANG_ENABLE_MODULES = YES;
				CLANG_ENABLE_OBJC_ARC = YES;
				CLANG_WARN_BOOL_CONVERSION = YES;
				CLANG_WARN_CONSTANT_CONVERSION = YES;
				CLANG_WARN_DIRECT_OBJC_ISA_USAGE = YES_ERROR;
				CLANG_WARN_DOCUMENTATION_COMMENTS = YES;
				CLANG_WARN_EMPTY_BODY = YES;
				CLANG_WARN_ENUM_CONVERSION = YES;
				CLANG_WARN_INFINITE_RECURSION = YES;
				CLANG_WARN_INT_CONVERSION = YES;
				CLANG_WARN_OBJC_ROOT_CLASS = YES_ERROR;
				CLANG_WARN_SUSPICIOUS_MOVE = YES;
				CLANG_WARN_UNREACHABLE_CODE = YES;
				CLANG_WARN__DUPLICATE_METHOD_MATCH = YES;
				"CODE_SIGN_IDENTITY[sdk=iphoneos*]" = "iPhone Developer";
				COPY_PHASE_STRIP = NO;
				DEBUG_INFORMATION_FORMAT = dwarf;
				ENABLE_STRICT_OBJC_MSGSEND = YES;
				ENABLE_TESTABILITY = YES;
				GCC_C_LANGUAGE_STANDARD = gnu99;
				GCC_DYNAMIC_NO_PIC = NO;
				GCC_NO_COMMON_BLOCKS = YES;
				GCC_OPTIMIZATION_LEVEL = 0;
				GCC_PREPROCESSOR_DEFINITIONS = (
					"DEBUG=1",
					"$(inherited)",
				);
				GCC_WARN_64_TO_32_BIT_CONVERSION = YES;
				GCC_WARN_ABOUT_RETURN_TYPE = YES_ERROR;
				GCC_WARN_UNDECLARED_SELECTOR = YES;
				GCC_WARN_UNINITIALIZED_AUTOS = YES_AGGRESSIVE;
				GCC_WARN_UNUSED_FUNCTION = YES;
				GCC_WARN_UNUSED_VARIABLE = YES;
				IPHONEOS_DEPLOYMENT_TARGET = 10.2;
				MTL_ENABLE_DEBUG_INFO = YES;
				ONLY_ACTIVE_ARCH = YES;
				SDKROOT = iphoneos;
				SWIFT_ACTIVE_COMPILATION_CONDITIONS = DEBUG;
				SWIFT_OPTIMIZATION_LEVEL = "-Onone";
				TARGETED_DEVICE_FAMILY = "1,2";
			};
			name = Debug;
		};
		37BA70291E36E6070093EAE5 /* Release */ = {
			isa = XCBuildConfiguration;
			buildSettings = {
				ALWAYS_SEARCH_USER_PATHS = NO;
				CLANG_ANALYZER_NONNULL = YES;
				CLANG_CXX_LANGUAGE_STANDARD = "gnu++0x";
				CLANG_CXX_LIBRARY = "libc++";
				CLANG_ENABLE_MODULES = YES;
				CLANG_ENABLE_OBJC_ARC = YES;
				CLANG_WARN_BOOL_CONVERSION = YES;
				CLANG_WARN_CONSTANT_CONVERSION = YES;
				CLANG_WARN_DIRECT_OBJC_ISA_USAGE = YES_ERROR;
				CLANG_WARN_DOCUMENTATION_COMMENTS = YES;
				CLANG_WARN_EMPTY_BODY = YES;
				CLANG_WARN_ENUM_CONVERSION = YES;
				CLANG_WARN_INFINITE_RECURSION = YES;
				CLANG_WARN_INT_CONVERSION = YES;
				CLANG_WARN_OBJC_ROOT_CLASS = YES_ERROR;
				CLANG_WARN_SUSPICIOUS_MOVE = YES;
				CLANG_WARN_UNREACHABLE_CODE = YES;
				CLANG_WARN__DUPLICATE_METHOD_MATCH = YES;
				"CODE_SIGN_IDENTITY[sdk=iphoneos*]" = "iPhone Developer";
				COPY_PHASE_STRIP = NO;
				DEBUG_INFORMATION_FORMAT = "dwarf-with-dsym";
				ENABLE_NS_ASSERTIONS = NO;
				ENABLE_STRICT_OBJC_MSGSEND = YES;
				GCC_C_LANGUAGE_STANDARD = gnu99;
				GCC_NO_COMMON_BLOCKS = YES;
				GCC_WARN_64_TO_32_BIT_CONVERSION = YES;
				GCC_WARN_ABOUT_RETURN_TYPE = YES_ERROR;
				GCC_WARN_UNDECLARED_SELECTOR = YES;
				GCC_WARN_UNINITIALIZED_AUTOS = YES_AGGRESSIVE;
				GCC_WARN_UNUSED_FUNCTION = YES;
				GCC_WARN_UNUSED_VARIABLE = YES;
				IPHONEOS_DEPLOYMENT_TARGET = 10.2;
				MTL_ENABLE_DEBUG_INFO = NO;
				SDKROOT = iphoneos;
				SWIFT_OPTIMIZATION_LEVEL = "-Owholemodule";
				TARGETED_DEVICE_FAMILY = "1,2";
				VALIDATE_PRODUCT = YES;
			};
			name = Release;
		};
		37BA702B1E36E6070093EAE5 /* Debug */ = {
			isa = XCBuildConfiguration;
			baseConfigurationReference = 61A49348F6339EFD26163BCA /* Pods-Ironc.ly.debug.xcconfig */;
			buildSettings = {
				ASSETCATALOG_COMPILER_APPICON_NAME = AppIcon;
				DEVELOPMENT_TEAM = DLHM52DNV8;
				INFOPLIST_FILE = Ironc.ly/Info.plist;
				IPHONEOS_DEPLOYMENT_TARGET = 9.0;
				LD_RUNPATH_SEARCH_PATHS = "$(inherited) @executable_path/Frameworks";
				PRODUCT_BUNDLE_IDENTIFIER = com.premiumsnap;
				PRODUCT_NAME = "$(TARGET_NAME)";
				SWIFT_VERSION = 3.0;
			};
			name = Debug;
		};
		37BA702C1E36E6070093EAE5 /* Release */ = {
			isa = XCBuildConfiguration;
			baseConfigurationReference = 2D9390AE0C7C973632987C98 /* Pods-Ironc.ly.release.xcconfig */;
			buildSettings = {
				ASSETCATALOG_COMPILER_APPICON_NAME = AppIcon;
				DEVELOPMENT_TEAM = DLHM52DNV8;
				INFOPLIST_FILE = Ironc.ly/Info.plist;
				IPHONEOS_DEPLOYMENT_TARGET = 9.0;
				LD_RUNPATH_SEARCH_PATHS = "$(inherited) @executable_path/Frameworks";
				PRODUCT_BUNDLE_IDENTIFIER = com.premiumsnap;
				PRODUCT_NAME = "$(TARGET_NAME)";
				SWIFT_VERSION = 3.0;
			};
			name = Release;
		};
/* End XCBuildConfiguration section */

/* Begin XCConfigurationList section */
		37BA70131E36E6070093EAE5 /* Build configuration list for PBXProject "Ironc.ly" */ = {
			isa = XCConfigurationList;
			buildConfigurations = (
				37BA70281E36E6070093EAE5 /* Debug */,
				37BA70291E36E6070093EAE5 /* Release */,
			);
			defaultConfigurationIsVisible = 0;
			defaultConfigurationName = Release;
		};
		37BA702A1E36E6070093EAE5 /* Build configuration list for PBXNativeTarget "Ironc.ly" */ = {
			isa = XCConfigurationList;
			buildConfigurations = (
				37BA702B1E36E6070093EAE5 /* Debug */,
				37BA702C1E36E6070093EAE5 /* Release */,
			);
			defaultConfigurationIsVisible = 0;
			defaultConfigurationName = Release;
		};
/* End XCConfigurationList section */
	};
	rootObject = 37BA70101E36E6070093EAE5 /* Project object */;
}
